// !$*UTF8*$!
{
	archiveVersion = 1;
	classes = {
	};
	objectVersion = 50;
	objects = {

/* Begin PBXBuildFile section */
		03CA6756D414568EB134E431 /* Pods_Profile.framework in Frameworks */ = {isa = PBXBuildFile; fileRef = DD702ADAD4D188AE2A7192EF /* Pods_Profile.framework */; };
		B703A53C27883392007BFA01 /* Localizable.swift in Sources */ = {isa = PBXBuildFile; fileRef = B703A53B27883392007BFA01 /* Localizable.swift */; };
		B703A53F2788340D007BFA01 /* Localizable.strings in Resources */ = {isa = PBXBuildFile; fileRef = B703A5412788340D007BFA01 /* Localizable.strings */; };
		B715F5642812609F004687EA /* ContactPhoneTableViewCell.swift in Sources */ = {isa = PBXBuildFile; fileRef = B715F5622812609F004687EA /* ContactPhoneTableViewCell.swift */; };
		B715F5652812609F004687EA /* ContactPhoneTableViewCell.xib in Resources */ = {isa = PBXBuildFile; fileRef = B715F5632812609F004687EA /* ContactPhoneTableViewCell.xib */; };
		B715F57028129C0C004687EA /* InfoNormalTableViewCell.swift in Sources */ = {isa = PBXBuildFile; fileRef = B715F56E28129C0C004687EA /* InfoNormalTableViewCell.swift */; };
		B715F57128129C0C004687EA /* InfoNormalTableViewCell.xib in Resources */ = {isa = PBXBuildFile; fileRef = B715F56F28129C0C004687EA /* InfoNormalTableViewCell.xib */; };
		B715F57428129C23004687EA /* InfoWithIconTableViewCell.swift in Sources */ = {isa = PBXBuildFile; fileRef = B715F57228129C23004687EA /* InfoWithIconTableViewCell.swift */; };
		B715F57528129C23004687EA /* InfoWithIconTableViewCell.xib in Resources */ = {isa = PBXBuildFile; fileRef = B715F57328129C23004687EA /* InfoWithIconTableViewCell.xib */; };
		B715F57828129C35004687EA /* InfoHeaderTableViewCell.swift in Sources */ = {isa = PBXBuildFile; fileRef = B715F57628129C35004687EA /* InfoHeaderTableViewCell.swift */; };
		B715F57928129C35004687EA /* InfoHeaderTableViewCell.xib in Resources */ = {isa = PBXBuildFile; fileRef = B715F57728129C35004687EA /* InfoHeaderTableViewCell.xib */; };
		B7167F9227AD018700067DBD /* NewPageWithSocialViewModel.swift in Sources */ = {isa = PBXBuildFile; fileRef = B7167F9127AD018700067DBD /* NewPageWithSocialViewModel.swift */; };
		B71B204B27F474F70030721A /* Farming.framework in Frameworks */ = {isa = PBXBuildFile; fileRef = B71B204A27F474F70030721A /* Farming.framework */; };
		B71B668927269EF500191A62 /* DeletePageSuccessViewController.swift in Sources */ = {isa = PBXBuildFile; fileRef = B71B668827269EF500191A62 /* DeletePageSuccessViewController.swift */; };
		B71B668B2726A57A00191A62 /* DeletePageViewModel.swift in Sources */ = {isa = PBXBuildFile; fileRef = B71B668A2726A57A00191A62 /* DeletePageViewModel.swift */; };
		B7203DD027845237005401FB /* ProfileFeedViewModel.swift in Sources */ = {isa = PBXBuildFile; fileRef = B7203DCF27845237005401FB /* ProfileFeedViewModel.swift */; };
		B72AB84B27E82A8F007421D4 /* EditInfoViewModel.swift in Sources */ = {isa = PBXBuildFile; fileRef = B72AB84A27E82A8F007421D4 /* EditInfoViewModel.swift */; };
		B74CEF1926C5073F006B1F2C /* Networking.framework in Frameworks */ = {isa = PBXBuildFile; fileRef = B74CEF1826C5073F006B1F2C /* Networking.framework */; };
		B753F5722782A50000D1AC92 /* ProfileViewModel.swift in Sources */ = {isa = PBXBuildFile; fileRef = B753F5712782A50000D1AC92 /* ProfileViewModel.swift */; };
		B753F5762782AB8D00D1AC92 /* ProfileHeaderTableViewCell.swift in Sources */ = {isa = PBXBuildFile; fileRef = B753F5742782AB8D00D1AC92 /* ProfileHeaderTableViewCell.swift */; };
		B753F5772782AB8D00D1AC92 /* ProfileHeaderTableViewCell.xib in Resources */ = {isa = PBXBuildFile; fileRef = B753F5752782AB8D00D1AC92 /* ProfileHeaderTableViewCell.xib */; };
		B753F5792782BE8C00D1AC92 /* ProfileHeaderViewModel.swift in Sources */ = {isa = PBXBuildFile; fileRef = B753F5782782BE8C00D1AC92 /* ProfileHeaderViewModel.swift */; };
		B753F57C2782D1AB00D1AC92 /* FeedHeaderTableViewCell.swift in Sources */ = {isa = PBXBuildFile; fileRef = B753F57A2782D1AB00D1AC92 /* FeedHeaderTableViewCell.swift */; };
		B753F57D2782D1AB00D1AC92 /* FeedHeaderTableViewCell.xib in Resources */ = {isa = PBXBuildFile; fileRef = B753F57B2782D1AB00D1AC92 /* FeedHeaderTableViewCell.xib */; };
		B7586BE427856066009FEE29 /* ProfileHeaderSkeletonTableViewCell.swift in Sources */ = {isa = PBXBuildFile; fileRef = B7586BE227856066009FEE29 /* ProfileHeaderSkeletonTableViewCell.swift */; };
		B7586BE527856066009FEE29 /* ProfileHeaderSkeletonTableViewCell.xib in Resources */ = {isa = PBXBuildFile; fileRef = B7586BE327856066009FEE29 /* ProfileHeaderSkeletonTableViewCell.xib */; };
		B76AE887281257700045EB39 /* ContactPhoneViewController.swift in Sources */ = {isa = PBXBuildFile; fileRef = B76AE886281257700045EB39 /* ContactPhoneViewController.swift */; };
		B76CE4A227E1CEC300CCA693 /* UserNotFoundTableViewCell.swift in Sources */ = {isa = PBXBuildFile; fileRef = B76CE4A027E1CEC300CCA693 /* UserNotFoundTableViewCell.swift */; };
		B76CE4A327E1CEC300CCA693 /* UserNotFoundTableViewCell.xib in Resources */ = {isa = PBXBuildFile; fileRef = B76CE4A127E1CEC300CCA693 /* UserNotFoundTableViewCell.xib */; };
		B786903127CCA79A0029EDFE /* UserFollowViewController.swift in Sources */ = {isa = PBXBuildFile; fileRef = B786903027CCA79A0029EDFE /* UserFollowViewController.swift */; };
		B786903327CCA7D40029EDFE /* UserFollowViewModel.swift in Sources */ = {isa = PBXBuildFile; fileRef = B786903227CCA7D40029EDFE /* UserFollowViewModel.swift */; };
		B7910DDC26AFC60E0097C94E /* Profile.h in Headers */ = {isa = PBXBuildFile; fileRef = B7910DDA26AFC60E0097C94E /* Profile.h */; settings = {ATTRIBUTES = (Public, ); }; };
		B7910DE526AFC9B40097C94E /* Profile.swift in Sources */ = {isa = PBXBuildFile; fileRef = B7910DE426AFC9B40097C94E /* Profile.swift */; };
		B7910DF026AFCD920097C94E /* Core.framework in Frameworks */ = {isa = PBXBuildFile; fileRef = B7910DEF26AFCD920097C94E /* Core.framework */; };
		B7910E6F26BBD36A0097C94E /* Profile.storyboard in Resources */ = {isa = PBXBuildFile; fileRef = B7910E6E26BBD36A0097C94E /* Profile.storyboard */; };
		B7910E7226BBD52F0097C94E /* ProfileNibVars.swift in Sources */ = {isa = PBXBuildFile; fileRef = B7910E7126BBD52F0097C94E /* ProfileNibVars.swift */; };
		B7910E7426BBD5480097C94E /* ProfileOpener.swift in Sources */ = {isa = PBXBuildFile; fileRef = B7910E7326BBD5480097C94E /* ProfileOpener.swift */; };
		B7910E7926BBD6FD0097C94E /* Assets.xcassets in Resources */ = {isa = PBXBuildFile; fileRef = B7910E7826BBD6FD0097C94E /* Assets.xcassets */; };
		B7910E7B26BBD9CE0097C94E /* Component.framework in Frameworks */ = {isa = PBXBuildFile; fileRef = B7910E7A26BBD9CE0097C94E /* Component.framework */; };
		B7910E8126BBE32E0097C94E /* SelectPhotoMethodViewController.swift in Sources */ = {isa = PBXBuildFile; fileRef = B7910E8026BBE32E0097C94E /* SelectPhotoMethodViewController.swift */; };
		B7910E8526BC52A00097C94E /* AboutInfoViewController.swift in Sources */ = {isa = PBXBuildFile; fileRef = B7910E8426BC529F0097C94E /* AboutInfoViewController.swift */; };
		B7910E9D26BCDAC40097C94E /* AboutInfoViewModel.swift in Sources */ = {isa = PBXBuildFile; fileRef = B7910E9C26BCDAC40097C94E /* AboutInfoViewModel.swift */; };
		B7910E9F26BCDBEF0097C94E /* SocialLinkShelf.swift in Sources */ = {isa = PBXBuildFile; fileRef = B7910E9E26BCDBEF0097C94E /* SocialLinkShelf.swift */; };
		B7910EA126BCDC410097C94E /* SocialLink.swift in Sources */ = {isa = PBXBuildFile; fileRef = B7910EA026BCDC410097C94E /* SocialLink.swift */; };
		B7910EA326BCE5420097C94E /* AddSocialViewController.swift in Sources */ = {isa = PBXBuildFile; fileRef = B7910EA226BCE5420097C94E /* AddSocialViewController.swift */; };
		B7910EA526BCE83D0097C94E /* AddSocialSectionController.swift in Sources */ = {isa = PBXBuildFile; fileRef = B7910EA426BCE83D0097C94E /* AddSocialSectionController.swift */; };
		B7910EA826BCE8F00097C94E /* AddSocialCell.swift in Sources */ = {isa = PBXBuildFile; fileRef = B7910EA626BCE8F00097C94E /* AddSocialCell.swift */; };
		B7910EA926BCE8F00097C94E /* AddSocialCell.xib in Resources */ = {isa = PBXBuildFile; fileRef = B7910EA726BCE8F00097C94E /* AddSocialCell.xib */; };
		B7910EB926BD2DA20097C94E /* Me.storyboard in Resources */ = {isa = PBXBuildFile; fileRef = B7910EB826BD2DA20097C94E /* Me.storyboard */; };
		B7910EC526BF03640097C94E /* UserInfoViewController.swift in Sources */ = {isa = PBXBuildFile; fileRef = B7910EC426BF03630097C94E /* UserInfoViewController.swift */; };
		B7910EC826BF06050097C94E /* UserInfoTableViewCell.swift in Sources */ = {isa = PBXBuildFile; fileRef = B7910EC626BF06050097C94E /* UserInfoTableViewCell.swift */; };
		B7910EC926BF06050097C94E /* UserInfoTableViewCell.xib in Resources */ = {isa = PBXBuildFile; fileRef = B7910EC726BF06050097C94E /* UserInfoTableViewCell.xib */; };
		B7910ECC26BF1E1C0097C94E /* SocialLinkTableViewCell.swift in Sources */ = {isa = PBXBuildFile; fileRef = B7910ECA26BF1E1C0097C94E /* SocialLinkTableViewCell.swift */; };
		B7910ECD26BF1E1C0097C94E /* SocialLinkTableViewCell.xib in Resources */ = {isa = PBXBuildFile; fileRef = B7910ECB26BF1E1C0097C94E /* SocialLinkTableViewCell.xib */; };
		B7910ECF26BF1FD70097C94E /* UserInfoViewModel.swift in Sources */ = {isa = PBXBuildFile; fileRef = B7910ECE26BF1FD70097C94E /* UserInfoViewModel.swift */; };
		B7910ED226C00A550097C94E /* EditInfoTableViewCell.swift in Sources */ = {isa = PBXBuildFile; fileRef = B7910ED026C00A550097C94E /* EditInfoTableViewCell.swift */; };
		B7910ED326C00A550097C94E /* EditInfoTableViewCell.xib in Resources */ = {isa = PBXBuildFile; fileRef = B7910ED126C00A550097C94E /* EditInfoTableViewCell.xib */; };
		B7910ED526C00A700097C94E /* EditInfoViewController.swift in Sources */ = {isa = PBXBuildFile; fileRef = B7910ED426C00A700097C94E /* EditInfoViewController.swift */; };
		B7910ED726C0340B0097C94E /* ProfileActionViewController.swift in Sources */ = {isa = PBXBuildFile; fileRef = B7910ED626C0340B0097C94E /* ProfileActionViewController.swift */; };
		B797240D27FACFF900111F24 /* SyncSocialMediaViewController.swift in Sources */ = {isa = PBXBuildFile; fileRef = B797240C27FACFF800111F24 /* SyncSocialMediaViewController.swift */; };
		B797240F27FAD15E00111F24 /* SyncSocialMediaViewModel.swift in Sources */ = {isa = PBXBuildFile; fileRef = B797240E27FAD15E00111F24 /* SyncSocialMediaViewModel.swift */; };
		B797241227FAD6FC00111F24 /* SocialAccountTableViewCell.xib in Resources */ = {isa = PBXBuildFile; fileRef = B797241027FAD6FB00111F24 /* SocialAccountTableViewCell.xib */; };
		B797241327FAD6FC00111F24 /* SocialAccountTableViewCell.swift in Sources */ = {isa = PBXBuildFile; fileRef = B797241127FAD6FC00111F24 /* SocialAccountTableViewCell.swift */; };
		B7AC2308281142A80091CA21 /* ContactEmailViewController.swift in Sources */ = {isa = PBXBuildFile; fileRef = B7AC2307281142A80091CA21 /* ContactEmailViewController.swift */; };
		B7AC230B2811441F0091CA21 /* ContactEmailTableViewCell.swift in Sources */ = {isa = PBXBuildFile; fileRef = B7AC23092811441F0091CA21 /* ContactEmailTableViewCell.swift */; };
		B7AC230C2811441F0091CA21 /* ContactEmailTableViewCell.xib in Resources */ = {isa = PBXBuildFile; fileRef = B7AC230A2811441F0091CA21 /* ContactEmailTableViewCell.xib */; };
		B7AC3BBE27A3D2BB00C02867 /* BlockedUserTableViewCell.swift in Sources */ = {isa = PBXBuildFile; fileRef = B7AC3BBC27A3D2BB00C02867 /* BlockedUserTableViewCell.swift */; };
		B7AC3BBF27A3D2BB00C02867 /* BlockedUserTableViewCell.xib in Resources */ = {isa = PBXBuildFile; fileRef = B7AC3BBD27A3D2BB00C02867 /* BlockedUserTableViewCell.xib */; };
		B7AC3BC127A3EA2700C02867 /* UserBlockedViewModel.swift in Sources */ = {isa = PBXBuildFile; fileRef = B7AC3BC027A3EA2700C02867 /* UserBlockedViewModel.swift */; };
		B7AC3BC427A3EF9900C02867 /* HeaderBlockedTableViewCell.swift in Sources */ = {isa = PBXBuildFile; fileRef = B7AC3BC227A3EF9900C02867 /* HeaderBlockedTableViewCell.swift */; };
		B7AC3BC527A3EF9900C02867 /* HeaderBlockedTableViewCell.xib in Resources */ = {isa = PBXBuildFile; fileRef = B7AC3BC327A3EF9900C02867 /* HeaderBlockedTableViewCell.xib */; };
		B7AF660726F07DA400BDE9C4 /* EditProfileViewModel.swift in Sources */ = {isa = PBXBuildFile; fileRef = B7AF660626F07DA400BDE9C4 /* EditProfileViewModel.swift */; };
		B7AF660926F24A2F00BDE9C4 /* WelcomeCreatePageViewController.swift in Sources */ = {isa = PBXBuildFile; fileRef = B7AF660826F24A2F00BDE9C4 /* WelcomeCreatePageViewController.swift */; };
		B7AF660E26F2E1F600BDE9C4 /* PageDisplayNameViewController.swift in Sources */ = {isa = PBXBuildFile; fileRef = B7AF660D26F2E1F600BDE9C4 /* PageDisplayNameViewController.swift */; };
		B7AF661126F2E56400BDE9C4 /* CreatePageDisplayNameCell.swift in Sources */ = {isa = PBXBuildFile; fileRef = B7AF660F26F2E56400BDE9C4 /* CreatePageDisplayNameCell.swift */; };
		B7AF661226F2E56400BDE9C4 /* CreatePageDisplayNameCell.xib in Resources */ = {isa = PBXBuildFile; fileRef = B7AF661026F2E56400BDE9C4 /* CreatePageDisplayNameCell.xib */; };
		B7AF661426F2E88B00BDE9C4 /* CreatePageDisplayNameSectionController.swift in Sources */ = {isa = PBXBuildFile; fileRef = B7AF661326F2E88B00BDE9C4 /* CreatePageDisplayNameSectionController.swift */; };
		B7AF661626F2E94C00BDE9C4 /* CreatePageDisplayNameViewModel.swift in Sources */ = {isa = PBXBuildFile; fileRef = B7AF661526F2E94C00BDE9C4 /* CreatePageDisplayNameViewModel.swift */; };
		B7AF661E26F32E7000BDE9C4 /* Authen.framework in Frameworks */ = {isa = PBXBuildFile; fileRef = B7AF661D26F32E7000BDE9C4 /* Authen.framework */; };
		B7AF662126F3303300BDE9C4 /* SelectPhotoMethodViewModel.swift in Sources */ = {isa = PBXBuildFile; fileRef = B7AF662026F3303300BDE9C4 /* SelectPhotoMethodViewModel.swift */; };
		B7AF662526F3447900BDE9C4 /* AboutTableViewCell.swift in Sources */ = {isa = PBXBuildFile; fileRef = B7AF662326F3447900BDE9C4 /* AboutTableViewCell.swift */; };
		B7AF662626F3447900BDE9C4 /* AboutTableViewCell.xib in Resources */ = {isa = PBXBuildFile; fileRef = B7AF662426F3447900BDE9C4 /* AboutTableViewCell.xib */; };
		B7AF662926F3568C00BDE9C4 /* DobTableViewCell.swift in Sources */ = {isa = PBXBuildFile; fileRef = B7AF662726F3568C00BDE9C4 /* DobTableViewCell.swift */; };
		B7AF662A26F3568C00BDE9C4 /* DobTableViewCell.xib in Resources */ = {isa = PBXBuildFile; fileRef = B7AF662826F3568C00BDE9C4 /* DobTableViewCell.xib */; };
		B7AF662D26F35B5900BDE9C4 /* AddLinkTableViewCell.swift in Sources */ = {isa = PBXBuildFile; fileRef = B7AF662B26F35B5900BDE9C4 /* AddLinkTableViewCell.swift */; };
		B7AF662E26F35B5900BDE9C4 /* AddLinkTableViewCell.xib in Resources */ = {isa = PBXBuildFile; fileRef = B7AF662C26F35B5900BDE9C4 /* AddLinkTableViewCell.xib */; };
		B7AF663126F35E0E00BDE9C4 /* SocialTableViewCell.swift in Sources */ = {isa = PBXBuildFile; fileRef = B7AF662F26F35E0D00BDE9C4 /* SocialTableViewCell.swift */; };
		B7AF663226F35E0E00BDE9C4 /* SocialTableViewCell.xib in Resources */ = {isa = PBXBuildFile; fileRef = B7AF663026F35E0E00BDE9C4 /* SocialTableViewCell.xib */; };
		B7AF663526F360F500BDE9C4 /* ComplateTableViewCell.swift in Sources */ = {isa = PBXBuildFile; fileRef = B7AF663326F360F500BDE9C4 /* ComplateTableViewCell.swift */; };
		B7AF663626F360F500BDE9C4 /* ComplateTableViewCell.xib in Resources */ = {isa = PBXBuildFile; fileRef = B7AF663426F360F500BDE9C4 /* ComplateTableViewCell.xib */; };
		B7B7C20A2786E6DA00DD488A /* ProfilePostTableViewCell.swift in Sources */ = {isa = PBXBuildFile; fileRef = B7B7C2082786E6DA00DD488A /* ProfilePostTableViewCell.swift */; };
		B7B7C20B2786E6DA00DD488A /* ProfilePostTableViewCell.xib in Resources */ = {isa = PBXBuildFile; fileRef = B7B7C2092786E6DA00DD488A /* ProfilePostTableViewCell.xib */; };
		B7C098362727CFCD009ACE22 /* EditPageInfoTableViewCell.xib in Resources */ = {isa = PBXBuildFile; fileRef = B7C098342727CFCD009ACE22 /* EditPageInfoTableViewCell.xib */; };
		B7C098372727CFCD009ACE22 /* EditPageInfoTableViewCell.swift in Sources */ = {isa = PBXBuildFile; fileRef = B7C098352727CFCD009ACE22 /* EditPageInfoTableViewCell.swift */; };
		B7C2525626CA077A00ACBB84 /* Post.framework in Frameworks */ = {isa = PBXBuildFile; fileRef = B7C2525526CA077A00ACBB84 /* Post.framework */; };
		B7C46D9027A12D2E0031179E /* NewPageWithSocialViewController.swift in Sources */ = {isa = PBXBuildFile; fileRef = B7C46D8F27A12D2E0031179E /* NewPageWithSocialViewController.swift */; };
		B7C46D9327A135730031179E /* NewPageWithSocialTableViewCell.swift in Sources */ = {isa = PBXBuildFile; fileRef = B7C46D9127A135730031179E /* NewPageWithSocialTableViewCell.swift */; };
		B7C46D9427A135730031179E /* NewPageWithSocialTableViewCell.xib in Resources */ = {isa = PBXBuildFile; fileRef = B7C46D9227A135730031179E /* NewPageWithSocialTableViewCell.xib */; };
		B7D4BC2227FF1BF6008ACD9F /* FacebookPageListViewController.swift in Sources */ = {isa = PBXBuildFile; fileRef = B7D4BC2127FF1BF6008ACD9F /* FacebookPageListViewController.swift */; };
		B7D4BC2527FF1D4C008ACD9F /* FacebookPageTableViewCell.swift in Sources */ = {isa = PBXBuildFile; fileRef = B7D4BC2327FF1D4C008ACD9F /* FacebookPageTableViewCell.swift */; };
		B7D4BC2627FF1D4C008ACD9F /* FacebookPageTableViewCell.xib in Resources */ = {isa = PBXBuildFile; fileRef = B7D4BC2427FF1D4C008ACD9F /* FacebookPageTableViewCell.xib */; };
		B7D4BC2927FF1D67008ACD9F /* FacebookPageEmptyTableViewCell.swift in Sources */ = {isa = PBXBuildFile; fileRef = B7D4BC2727FF1D67008ACD9F /* FacebookPageEmptyTableViewCell.swift */; };
		B7D4BC2A27FF1D67008ACD9F /* FacebookPageEmptyTableViewCell.xib in Resources */ = {isa = PBXBuildFile; fileRef = B7D4BC2827FF1D67008ACD9F /* FacebookPageEmptyTableViewCell.xib */; };
		B7F0D2FB2829257700BA9764 /* UpdateUserImageViewController.swift in Sources */ = {isa = PBXBuildFile; fileRef = B7F0D2FA2829257700BA9764 /* UpdateUserImageViewController.swift */; };
		B7F0D2FE282A67E900BA9764 /* UpdateUserImageTableViewCell.swift in Sources */ = {isa = PBXBuildFile; fileRef = B7F0D2FC282A67E900BA9764 /* UpdateUserImageTableViewCell.swift */; };
		B7F0D2FF282A67E900BA9764 /* UpdateUserImageTableViewCell.xib in Resources */ = {isa = PBXBuildFile; fileRef = B7F0D2FD282A67E900BA9764 /* UpdateUserImageTableViewCell.xib */; };
		B7F0D301282A6D8000BA9764 /* UpdateUserImageViewModel.swift in Sources */ = {isa = PBXBuildFile; fileRef = B7F0D300282A6D8000BA9764 /* UpdateUserImageViewModel.swift */; };
		B7F0D303282ACD3100BA9764 /* UpdateUserInfoViewController.swift in Sources */ = {isa = PBXBuildFile; fileRef = B7F0D302282ACD3100BA9764 /* UpdateUserInfoViewController.swift */; };
		B7F0D306282ACE8600BA9764 /* UpdateUserInfoTableViewCell.swift in Sources */ = {isa = PBXBuildFile; fileRef = B7F0D304282ACE8600BA9764 /* UpdateUserInfoTableViewCell.swift */; };
		B7F0D307282ACE8600BA9764 /* UpdateUserInfoTableViewCell.xib in Resources */ = {isa = PBXBuildFile; fileRef = B7F0D305282ACE8600BA9764 /* UpdateUserInfoTableViewCell.xib */; };
		B7F0D309282AD5B100BA9764 /* UpdateUserInfoViewModel.swift in Sources */ = {isa = PBXBuildFile; fileRef = B7F0D308282AD5B000BA9764 /* UpdateUserInfoViewModel.swift */; };
		B7F63C26271D7CE1005856B2 /* DeletePageViewController.swift in Sources */ = {isa = PBXBuildFile; fileRef = B7F63C25271D7CE1005856B2 /* DeletePageViewController.swift */; };
		B7F63C28271DC2BF005856B2 /* ConfirmDeletePageViewController.swift in Sources */ = {isa = PBXBuildFile; fileRef = B7F63C27271DC2BF005856B2 /* ConfirmDeletePageViewController.swift */; };
		B7F63C2B271DC3C7005856B2 /* ConfirmDeletePageTableViewCell.swift in Sources */ = {isa = PBXBuildFile; fileRef = B7F63C29271DC3C7005856B2 /* ConfirmDeletePageTableViewCell.swift */; };
		B7F63C2C271DC3C7005856B2 /* ConfirmDeletePageTableViewCell.xib in Resources */ = {isa = PBXBuildFile; fileRef = B7F63C2A271DC3C7005856B2 /* ConfirmDeletePageTableViewCell.xib */; };
		B7FB347327D8B37E00C3C6A3 /* PageSyncSocialViewController.swift in Sources */ = {isa = PBXBuildFile; fileRef = B7FB347227D8B37E00C3C6A3 /* PageSyncSocialViewController.swift */; };
		B7FB347527D8B64E00C3C6A3 /* PageSyncSocialViewModel.swift in Sources */ = {isa = PBXBuildFile; fileRef = B7FB347427D8B64E00C3C6A3 /* PageSyncSocialViewModel.swift */; };
		B7FB347827D8B7F000C3C6A3 /* PageSyncSocialTableViewCell.swift in Sources */ = {isa = PBXBuildFile; fileRef = B7FB347627D8B7F000C3C6A3 /* PageSyncSocialTableViewCell.swift */; };
		B7FB347927D8B7F000C3C6A3 /* PageSyncSocialTableViewCell.xib in Resources */ = {isa = PBXBuildFile; fileRef = B7FB347727D8B7F000C3C6A3 /* PageSyncSocialTableViewCell.xib */; };
		B7FFF3EF277EE67400BB0C33 /* ProfileViewController.swift in Sources */ = {isa = PBXBuildFile; fileRef = B7FFF3EE277EE67400BB0C33 /* ProfileViewController.swift */; };
/* End PBXBuildFile section */

/* Begin PBXFileReference section */
		0E6A4E2DA213E1E6CA2E6BE3 /* Pods-Profile.release (staging).xcconfig */ = {isa = PBXFileReference; includeInIndex = 1; lastKnownFileType = text.xcconfig; name = "Pods-Profile.release (staging).xcconfig"; path = "Target Support Files/Pods-Profile/Pods-Profile.release (staging).xcconfig"; sourceTree = "<group>"; };
		1B20C3B3FB6B945299FA4152 /* Pods-Profile.debug (production).xcconfig */ = {isa = PBXFileReference; includeInIndex = 1; lastKnownFileType = text.xcconfig; name = "Pods-Profile.debug (production).xcconfig"; path = "Target Support Files/Pods-Profile/Pods-Profile.debug (production).xcconfig"; sourceTree = "<group>"; };
		2942B8B91A54D01B4FA05671 /* Pods-Profile.release (development).xcconfig */ = {isa = PBXFileReference; includeInIndex = 1; lastKnownFileType = text.xcconfig; name = "Pods-Profile.release (development).xcconfig"; path = "Target Support Files/Pods-Profile/Pods-Profile.release (development).xcconfig"; sourceTree = "<group>"; };
		617F5EED072D8FF7C742AEA4 /* Pods-Profile.release.xcconfig */ = {isa = PBXFileReference; includeInIndex = 1; lastKnownFileType = text.xcconfig; name = "Pods-Profile.release.xcconfig"; path = "Target Support Files/Pods-Profile/Pods-Profile.release.xcconfig"; sourceTree = "<group>"; };
		8ADE79F8979B8AF23C01C50B /* Pods-Profile.debug (staging).xcconfig */ = {isa = PBXFileReference; includeInIndex = 1; lastKnownFileType = text.xcconfig; name = "Pods-Profile.debug (staging).xcconfig"; path = "Target Support Files/Pods-Profile/Pods-Profile.debug (staging).xcconfig"; sourceTree = "<group>"; };
		8C78EA16BA992F465C2D2B36 /* Pods-Profile.release (production).xcconfig */ = {isa = PBXFileReference; includeInIndex = 1; lastKnownFileType = text.xcconfig; name = "Pods-Profile.release (production).xcconfig"; path = "Target Support Files/Pods-Profile/Pods-Profile.release (production).xcconfig"; sourceTree = "<group>"; };
		8E9320E7FAAD2479F0EDB81D /* Pods-Profile.debug (development).xcconfig */ = {isa = PBXFileReference; includeInIndex = 1; lastKnownFileType = text.xcconfig; name = "Pods-Profile.debug (development).xcconfig"; path = "Target Support Files/Pods-Profile/Pods-Profile.debug (development).xcconfig"; sourceTree = "<group>"; };
		A41DEA465890A2815436B3CE /* Pods-Profile.debug.xcconfig */ = {isa = PBXFileReference; includeInIndex = 1; lastKnownFileType = text.xcconfig; name = "Pods-Profile.debug.xcconfig"; path = "Target Support Files/Pods-Profile/Pods-Profile.debug.xcconfig"; sourceTree = "<group>"; };
		B703A53B27883392007BFA01 /* Localizable.swift */ = {isa = PBXFileReference; lastKnownFileType = sourcecode.swift; path = Localizable.swift; sourceTree = "<group>"; };
		B703A5402788340D007BFA01 /* en */ = {isa = PBXFileReference; lastKnownFileType = text.plist.strings; name = en; path = en.lproj/Localizable.strings; sourceTree = "<group>"; };
		B703A54227883429007BFA01 /* th */ = {isa = PBXFileReference; lastKnownFileType = text.plist.strings; name = th; path = th.lproj/Localizable.strings; sourceTree = "<group>"; };
		B715F5622812609F004687EA /* ContactPhoneTableViewCell.swift */ = {isa = PBXFileReference; lastKnownFileType = sourcecode.swift; path = ContactPhoneTableViewCell.swift; sourceTree = "<group>"; };
		B715F5632812609F004687EA /* ContactPhoneTableViewCell.xib */ = {isa = PBXFileReference; lastKnownFileType = file.xib; path = ContactPhoneTableViewCell.xib; sourceTree = "<group>"; };
		B715F56E28129C0C004687EA /* InfoNormalTableViewCell.swift */ = {isa = PBXFileReference; lastKnownFileType = sourcecode.swift; path = InfoNormalTableViewCell.swift; sourceTree = "<group>"; };
		B715F56F28129C0C004687EA /* InfoNormalTableViewCell.xib */ = {isa = PBXFileReference; lastKnownFileType = file.xib; path = InfoNormalTableViewCell.xib; sourceTree = "<group>"; };
		B715F57228129C23004687EA /* InfoWithIconTableViewCell.swift */ = {isa = PBXFileReference; lastKnownFileType = sourcecode.swift; path = InfoWithIconTableViewCell.swift; sourceTree = "<group>"; };
		B715F57328129C23004687EA /* InfoWithIconTableViewCell.xib */ = {isa = PBXFileReference; lastKnownFileType = file.xib; path = InfoWithIconTableViewCell.xib; sourceTree = "<group>"; };
		B715F57628129C35004687EA /* InfoHeaderTableViewCell.swift */ = {isa = PBXFileReference; lastKnownFileType = sourcecode.swift; path = InfoHeaderTableViewCell.swift; sourceTree = "<group>"; };
		B715F57728129C35004687EA /* InfoHeaderTableViewCell.xib */ = {isa = PBXFileReference; lastKnownFileType = file.xib; path = InfoHeaderTableViewCell.xib; sourceTree = "<group>"; };
		B7167F9127AD018700067DBD /* NewPageWithSocialViewModel.swift */ = {isa = PBXFileReference; lastKnownFileType = sourcecode.swift; path = NewPageWithSocialViewModel.swift; sourceTree = "<group>"; };
		B71B204A27F474F70030721A /* Farming.framework */ = {isa = PBXFileReference; explicitFileType = wrapper.framework; path = Farming.framework; sourceTree = BUILT_PRODUCTS_DIR; };
		B71B668827269EF500191A62 /* DeletePageSuccessViewController.swift */ = {isa = PBXFileReference; lastKnownFileType = sourcecode.swift; path = DeletePageSuccessViewController.swift; sourceTree = "<group>"; };
		B71B668A2726A57A00191A62 /* DeletePageViewModel.swift */ = {isa = PBXFileReference; lastKnownFileType = sourcecode.swift; path = DeletePageViewModel.swift; sourceTree = "<group>"; };
		B7203DCF27845237005401FB /* ProfileFeedViewModel.swift */ = {isa = PBXFileReference; lastKnownFileType = sourcecode.swift; path = ProfileFeedViewModel.swift; sourceTree = "<group>"; };
		B72AB84A27E82A8F007421D4 /* EditInfoViewModel.swift */ = {isa = PBXFileReference; lastKnownFileType = sourcecode.swift; path = EditInfoViewModel.swift; sourceTree = "<group>"; };
		B74CEF1826C5073F006B1F2C /* Networking.framework */ = {isa = PBXFileReference; explicitFileType = wrapper.framework; path = Networking.framework; sourceTree = BUILT_PRODUCTS_DIR; };
		B753F5712782A50000D1AC92 /* ProfileViewModel.swift */ = {isa = PBXFileReference; lastKnownFileType = sourcecode.swift; path = ProfileViewModel.swift; sourceTree = "<group>"; };
		B753F5742782AB8D00D1AC92 /* ProfileHeaderTableViewCell.swift */ = {isa = PBXFileReference; lastKnownFileType = sourcecode.swift; path = ProfileHeaderTableViewCell.swift; sourceTree = "<group>"; };
		B753F5752782AB8D00D1AC92 /* ProfileHeaderTableViewCell.xib */ = {isa = PBXFileReference; lastKnownFileType = file.xib; path = ProfileHeaderTableViewCell.xib; sourceTree = "<group>"; };
		B753F5782782BE8C00D1AC92 /* ProfileHeaderViewModel.swift */ = {isa = PBXFileReference; lastKnownFileType = sourcecode.swift; path = ProfileHeaderViewModel.swift; sourceTree = "<group>"; };
		B753F57A2782D1AB00D1AC92 /* FeedHeaderTableViewCell.swift */ = {isa = PBXFileReference; lastKnownFileType = sourcecode.swift; path = FeedHeaderTableViewCell.swift; sourceTree = "<group>"; };
		B753F57B2782D1AB00D1AC92 /* FeedHeaderTableViewCell.xib */ = {isa = PBXFileReference; lastKnownFileType = file.xib; path = FeedHeaderTableViewCell.xib; sourceTree = "<group>"; };
		B7586BE227856066009FEE29 /* ProfileHeaderSkeletonTableViewCell.swift */ = {isa = PBXFileReference; lastKnownFileType = sourcecode.swift; path = ProfileHeaderSkeletonTableViewCell.swift; sourceTree = "<group>"; };
		B7586BE327856066009FEE29 /* ProfileHeaderSkeletonTableViewCell.xib */ = {isa = PBXFileReference; lastKnownFileType = file.xib; path = ProfileHeaderSkeletonTableViewCell.xib; sourceTree = "<group>"; };
		B76AE886281257700045EB39 /* ContactPhoneViewController.swift */ = {isa = PBXFileReference; lastKnownFileType = sourcecode.swift; path = ContactPhoneViewController.swift; sourceTree = "<group>"; };
		B76CE4A027E1CEC300CCA693 /* UserNotFoundTableViewCell.swift */ = {isa = PBXFileReference; lastKnownFileType = sourcecode.swift; path = UserNotFoundTableViewCell.swift; sourceTree = "<group>"; };
		B76CE4A127E1CEC300CCA693 /* UserNotFoundTableViewCell.xib */ = {isa = PBXFileReference; lastKnownFileType = file.xib; path = UserNotFoundTableViewCell.xib; sourceTree = "<group>"; };
		B786903027CCA79A0029EDFE /* UserFollowViewController.swift */ = {isa = PBXFileReference; lastKnownFileType = sourcecode.swift; path = UserFollowViewController.swift; sourceTree = "<group>"; };
		B786903227CCA7D40029EDFE /* UserFollowViewModel.swift */ = {isa = PBXFileReference; lastKnownFileType = sourcecode.swift; path = UserFollowViewModel.swift; sourceTree = "<group>"; };
		B78795DB26C6504E00FECC21 /* Feed.framework */ = {isa = PBXFileReference; explicitFileType = wrapper.framework; path = Feed.framework; sourceTree = BUILT_PRODUCTS_DIR; };
		B7910DD726AFC60E0097C94E /* Profile.framework */ = {isa = PBXFileReference; explicitFileType = wrapper.framework; includeInIndex = 0; path = Profile.framework; sourceTree = BUILT_PRODUCTS_DIR; };
		B7910DDA26AFC60E0097C94E /* Profile.h */ = {isa = PBXFileReference; lastKnownFileType = sourcecode.c.h; path = Profile.h; sourceTree = "<group>"; };
		B7910DDB26AFC60E0097C94E /* Info.plist */ = {isa = PBXFileReference; lastKnownFileType = text.plist.xml; path = Info.plist; sourceTree = "<group>"; };
		B7910DE426AFC9B40097C94E /* Profile.swift */ = {isa = PBXFileReference; lastKnownFileType = sourcecode.swift; path = Profile.swift; sourceTree = "<group>"; };
		B7910DEF26AFCD920097C94E /* Core.framework */ = {isa = PBXFileReference; explicitFileType = wrapper.framework; path = Core.framework; sourceTree = BUILT_PRODUCTS_DIR; };
		B7910E6E26BBD36A0097C94E /* Profile.storyboard */ = {isa = PBXFileReference; lastKnownFileType = file.storyboard; path = Profile.storyboard; sourceTree = "<group>"; };
		B7910E7126BBD52F0097C94E /* ProfileNibVars.swift */ = {isa = PBXFileReference; lastKnownFileType = sourcecode.swift; path = ProfileNibVars.swift; sourceTree = "<group>"; };
		B7910E7326BBD5480097C94E /* ProfileOpener.swift */ = {isa = PBXFileReference; lastKnownFileType = sourcecode.swift; path = ProfileOpener.swift; sourceTree = "<group>"; };
		B7910E7826BBD6FD0097C94E /* Assets.xcassets */ = {isa = PBXFileReference; lastKnownFileType = folder.assetcatalog; path = Assets.xcassets; sourceTree = "<group>"; };
		B7910E7A26BBD9CE0097C94E /* Component.framework */ = {isa = PBXFileReference; explicitFileType = wrapper.framework; path = Component.framework; sourceTree = BUILT_PRODUCTS_DIR; };
		B7910E8026BBE32E0097C94E /* SelectPhotoMethodViewController.swift */ = {isa = PBXFileReference; lastKnownFileType = sourcecode.swift; path = SelectPhotoMethodViewController.swift; sourceTree = "<group>"; };
		B7910E8426BC529F0097C94E /* AboutInfoViewController.swift */ = {isa = PBXFileReference; lastKnownFileType = sourcecode.swift; path = AboutInfoViewController.swift; sourceTree = "<group>"; };
		B7910E9C26BCDAC40097C94E /* AboutInfoViewModel.swift */ = {isa = PBXFileReference; lastKnownFileType = sourcecode.swift; path = AboutInfoViewModel.swift; sourceTree = "<group>"; };
		B7910E9E26BCDBEF0097C94E /* SocialLinkShelf.swift */ = {isa = PBXFileReference; lastKnownFileType = sourcecode.swift; path = SocialLinkShelf.swift; sourceTree = "<group>"; };
		B7910EA026BCDC410097C94E /* SocialLink.swift */ = {isa = PBXFileReference; lastKnownFileType = sourcecode.swift; path = SocialLink.swift; sourceTree = "<group>"; };
		B7910EA226BCE5420097C94E /* AddSocialViewController.swift */ = {isa = PBXFileReference; lastKnownFileType = sourcecode.swift; path = AddSocialViewController.swift; sourceTree = "<group>"; };
		B7910EA426BCE83D0097C94E /* AddSocialSectionController.swift */ = {isa = PBXFileReference; lastKnownFileType = sourcecode.swift; path = AddSocialSectionController.swift; sourceTree = "<group>"; };
		B7910EA626BCE8F00097C94E /* AddSocialCell.swift */ = {isa = PBXFileReference; lastKnownFileType = sourcecode.swift; path = AddSocialCell.swift; sourceTree = "<group>"; };
		B7910EA726BCE8F00097C94E /* AddSocialCell.xib */ = {isa = PBXFileReference; lastKnownFileType = file.xib; path = AddSocialCell.xib; sourceTree = "<group>"; };
		B7910EB826BD2DA20097C94E /* Me.storyboard */ = {isa = PBXFileReference; lastKnownFileType = file.storyboard; path = Me.storyboard; sourceTree = "<group>"; };
		B7910EC426BF03630097C94E /* UserInfoViewController.swift */ = {isa = PBXFileReference; lastKnownFileType = sourcecode.swift; path = UserInfoViewController.swift; sourceTree = "<group>"; };
		B7910EC626BF06050097C94E /* UserInfoTableViewCell.swift */ = {isa = PBXFileReference; lastKnownFileType = sourcecode.swift; path = UserInfoTableViewCell.swift; sourceTree = "<group>"; };
		B7910EC726BF06050097C94E /* UserInfoTableViewCell.xib */ = {isa = PBXFileReference; lastKnownFileType = file.xib; path = UserInfoTableViewCell.xib; sourceTree = "<group>"; };
		B7910ECA26BF1E1C0097C94E /* SocialLinkTableViewCell.swift */ = {isa = PBXFileReference; lastKnownFileType = sourcecode.swift; path = SocialLinkTableViewCell.swift; sourceTree = "<group>"; };
		B7910ECB26BF1E1C0097C94E /* SocialLinkTableViewCell.xib */ = {isa = PBXFileReference; lastKnownFileType = file.xib; path = SocialLinkTableViewCell.xib; sourceTree = "<group>"; };
		B7910ECE26BF1FD70097C94E /* UserInfoViewModel.swift */ = {isa = PBXFileReference; lastKnownFileType = sourcecode.swift; path = UserInfoViewModel.swift; sourceTree = "<group>"; };
		B7910ED026C00A550097C94E /* EditInfoTableViewCell.swift */ = {isa = PBXFileReference; lastKnownFileType = sourcecode.swift; path = EditInfoTableViewCell.swift; sourceTree = "<group>"; };
		B7910ED126C00A550097C94E /* EditInfoTableViewCell.xib */ = {isa = PBXFileReference; lastKnownFileType = file.xib; path = EditInfoTableViewCell.xib; sourceTree = "<group>"; };
		B7910ED426C00A700097C94E /* EditInfoViewController.swift */ = {isa = PBXFileReference; lastKnownFileType = sourcecode.swift; path = EditInfoViewController.swift; sourceTree = "<group>"; };
		B7910ED626C0340B0097C94E /* ProfileActionViewController.swift */ = {isa = PBXFileReference; lastKnownFileType = sourcecode.swift; path = ProfileActionViewController.swift; sourceTree = "<group>"; };
		B797240C27FACFF800111F24 /* SyncSocialMediaViewController.swift */ = {isa = PBXFileReference; lastKnownFileType = sourcecode.swift; path = SyncSocialMediaViewController.swift; sourceTree = "<group>"; };
		B797240E27FAD15E00111F24 /* SyncSocialMediaViewModel.swift */ = {isa = PBXFileReference; lastKnownFileType = sourcecode.swift; path = SyncSocialMediaViewModel.swift; sourceTree = "<group>"; };
		B797241027FAD6FB00111F24 /* SocialAccountTableViewCell.xib */ = {isa = PBXFileReference; fileEncoding = 4; lastKnownFileType = file.xib; path = SocialAccountTableViewCell.xib; sourceTree = "<group>"; };
		B797241127FAD6FC00111F24 /* SocialAccountTableViewCell.swift */ = {isa = PBXFileReference; fileEncoding = 4; lastKnownFileType = sourcecode.swift; path = SocialAccountTableViewCell.swift; sourceTree = "<group>"; };
		B7AC2307281142A80091CA21 /* ContactEmailViewController.swift */ = {isa = PBXFileReference; lastKnownFileType = sourcecode.swift; path = ContactEmailViewController.swift; sourceTree = "<group>"; };
		B7AC23092811441F0091CA21 /* ContactEmailTableViewCell.swift */ = {isa = PBXFileReference; lastKnownFileType = sourcecode.swift; path = ContactEmailTableViewCell.swift; sourceTree = "<group>"; };
		B7AC230A2811441F0091CA21 /* ContactEmailTableViewCell.xib */ = {isa = PBXFileReference; lastKnownFileType = file.xib; path = ContactEmailTableViewCell.xib; sourceTree = "<group>"; };
		B7AC3BBC27A3D2BB00C02867 /* BlockedUserTableViewCell.swift */ = {isa = PBXFileReference; lastKnownFileType = sourcecode.swift; path = BlockedUserTableViewCell.swift; sourceTree = "<group>"; };
		B7AC3BBD27A3D2BB00C02867 /* BlockedUserTableViewCell.xib */ = {isa = PBXFileReference; lastKnownFileType = file.xib; path = BlockedUserTableViewCell.xib; sourceTree = "<group>"; };
		B7AC3BC027A3EA2700C02867 /* UserBlockedViewModel.swift */ = {isa = PBXFileReference; lastKnownFileType = sourcecode.swift; path = UserBlockedViewModel.swift; sourceTree = "<group>"; };
		B7AC3BC227A3EF9900C02867 /* HeaderBlockedTableViewCell.swift */ = {isa = PBXFileReference; lastKnownFileType = sourcecode.swift; path = HeaderBlockedTableViewCell.swift; sourceTree = "<group>"; };
		B7AC3BC327A3EF9900C02867 /* HeaderBlockedTableViewCell.xib */ = {isa = PBXFileReference; lastKnownFileType = file.xib; path = HeaderBlockedTableViewCell.xib; sourceTree = "<group>"; };
		B7AF660626F07DA400BDE9C4 /* EditProfileViewModel.swift */ = {isa = PBXFileReference; lastKnownFileType = sourcecode.swift; path = EditProfileViewModel.swift; sourceTree = "<group>"; };
		B7AF660826F24A2F00BDE9C4 /* WelcomeCreatePageViewController.swift */ = {isa = PBXFileReference; lastKnownFileType = sourcecode.swift; path = WelcomeCreatePageViewController.swift; sourceTree = "<group>"; };
		B7AF660D26F2E1F600BDE9C4 /* PageDisplayNameViewController.swift */ = {isa = PBXFileReference; lastKnownFileType = sourcecode.swift; path = PageDisplayNameViewController.swift; sourceTree = "<group>"; };
		B7AF660F26F2E56400BDE9C4 /* CreatePageDisplayNameCell.swift */ = {isa = PBXFileReference; lastKnownFileType = sourcecode.swift; path = CreatePageDisplayNameCell.swift; sourceTree = "<group>"; };
		B7AF661026F2E56400BDE9C4 /* CreatePageDisplayNameCell.xib */ = {isa = PBXFileReference; lastKnownFileType = file.xib; path = CreatePageDisplayNameCell.xib; sourceTree = "<group>"; };
		B7AF661326F2E88B00BDE9C4 /* CreatePageDisplayNameSectionController.swift */ = {isa = PBXFileReference; lastKnownFileType = sourcecode.swift; path = CreatePageDisplayNameSectionController.swift; sourceTree = "<group>"; };
		B7AF661526F2E94C00BDE9C4 /* CreatePageDisplayNameViewModel.swift */ = {isa = PBXFileReference; lastKnownFileType = sourcecode.swift; path = CreatePageDisplayNameViewModel.swift; sourceTree = "<group>"; };
		B7AF661D26F32E7000BDE9C4 /* Authen.framework */ = {isa = PBXFileReference; explicitFileType = wrapper.framework; path = Authen.framework; sourceTree = BUILT_PRODUCTS_DIR; };
		B7AF662026F3303300BDE9C4 /* SelectPhotoMethodViewModel.swift */ = {isa = PBXFileReference; lastKnownFileType = sourcecode.swift; path = SelectPhotoMethodViewModel.swift; sourceTree = "<group>"; };
		B7AF662326F3447900BDE9C4 /* AboutTableViewCell.swift */ = {isa = PBXFileReference; lastKnownFileType = sourcecode.swift; path = AboutTableViewCell.swift; sourceTree = "<group>"; };
		B7AF662426F3447900BDE9C4 /* AboutTableViewCell.xib */ = {isa = PBXFileReference; lastKnownFileType = file.xib; path = AboutTableViewCell.xib; sourceTree = "<group>"; };
		B7AF662726F3568C00BDE9C4 /* DobTableViewCell.swift */ = {isa = PBXFileReference; lastKnownFileType = sourcecode.swift; path = DobTableViewCell.swift; sourceTree = "<group>"; };
		B7AF662826F3568C00BDE9C4 /* DobTableViewCell.xib */ = {isa = PBXFileReference; lastKnownFileType = file.xib; path = DobTableViewCell.xib; sourceTree = "<group>"; };
		B7AF662B26F35B5900BDE9C4 /* AddLinkTableViewCell.swift */ = {isa = PBXFileReference; lastKnownFileType = sourcecode.swift; path = AddLinkTableViewCell.swift; sourceTree = "<group>"; };
		B7AF662C26F35B5900BDE9C4 /* AddLinkTableViewCell.xib */ = {isa = PBXFileReference; lastKnownFileType = file.xib; path = AddLinkTableViewCell.xib; sourceTree = "<group>"; };
		B7AF662F26F35E0D00BDE9C4 /* SocialTableViewCell.swift */ = {isa = PBXFileReference; lastKnownFileType = sourcecode.swift; path = SocialTableViewCell.swift; sourceTree = "<group>"; };
		B7AF663026F35E0E00BDE9C4 /* SocialTableViewCell.xib */ = {isa = PBXFileReference; lastKnownFileType = file.xib; path = SocialTableViewCell.xib; sourceTree = "<group>"; };
		B7AF663326F360F500BDE9C4 /* ComplateTableViewCell.swift */ = {isa = PBXFileReference; lastKnownFileType = sourcecode.swift; path = ComplateTableViewCell.swift; sourceTree = "<group>"; };
		B7AF663426F360F500BDE9C4 /* ComplateTableViewCell.xib */ = {isa = PBXFileReference; lastKnownFileType = file.xib; path = ComplateTableViewCell.xib; sourceTree = "<group>"; };
		B7B7C2082786E6DA00DD488A /* ProfilePostTableViewCell.swift */ = {isa = PBXFileReference; lastKnownFileType = sourcecode.swift; path = ProfilePostTableViewCell.swift; sourceTree = "<group>"; };
		B7B7C2092786E6DA00DD488A /* ProfilePostTableViewCell.xib */ = {isa = PBXFileReference; lastKnownFileType = file.xib; path = ProfilePostTableViewCell.xib; sourceTree = "<group>"; };
		B7C098342727CFCD009ACE22 /* EditPageInfoTableViewCell.xib */ = {isa = PBXFileReference; fileEncoding = 4; lastKnownFileType = file.xib; path = EditPageInfoTableViewCell.xib; sourceTree = "<group>"; };
		B7C098352727CFCD009ACE22 /* EditPageInfoTableViewCell.swift */ = {isa = PBXFileReference; fileEncoding = 4; lastKnownFileType = sourcecode.swift; path = EditPageInfoTableViewCell.swift; sourceTree = "<group>"; };
		B7C2525526CA077A00ACBB84 /* Post.framework */ = {isa = PBXFileReference; explicitFileType = wrapper.framework; path = Post.framework; sourceTree = BUILT_PRODUCTS_DIR; };
		B7C46D8F27A12D2E0031179E /* NewPageWithSocialViewController.swift */ = {isa = PBXFileReference; lastKnownFileType = sourcecode.swift; path = NewPageWithSocialViewController.swift; sourceTree = "<group>"; };
		B7C46D9127A135730031179E /* NewPageWithSocialTableViewCell.swift */ = {isa = PBXFileReference; lastKnownFileType = sourcecode.swift; path = NewPageWithSocialTableViewCell.swift; sourceTree = "<group>"; };
		B7C46D9227A135730031179E /* NewPageWithSocialTableViewCell.xib */ = {isa = PBXFileReference; lastKnownFileType = file.xib; path = NewPageWithSocialTableViewCell.xib; sourceTree = "<group>"; };
		B7D4BC2127FF1BF6008ACD9F /* FacebookPageListViewController.swift */ = {isa = PBXFileReference; lastKnownFileType = sourcecode.swift; path = FacebookPageListViewController.swift; sourceTree = "<group>"; };
		B7D4BC2327FF1D4C008ACD9F /* FacebookPageTableViewCell.swift */ = {isa = PBXFileReference; lastKnownFileType = sourcecode.swift; path = FacebookPageTableViewCell.swift; sourceTree = "<group>"; };
		B7D4BC2427FF1D4C008ACD9F /* FacebookPageTableViewCell.xib */ = {isa = PBXFileReference; lastKnownFileType = file.xib; path = FacebookPageTableViewCell.xib; sourceTree = "<group>"; };
		B7D4BC2727FF1D67008ACD9F /* FacebookPageEmptyTableViewCell.swift */ = {isa = PBXFileReference; lastKnownFileType = sourcecode.swift; path = FacebookPageEmptyTableViewCell.swift; sourceTree = "<group>"; };
		B7D4BC2827FF1D67008ACD9F /* FacebookPageEmptyTableViewCell.xib */ = {isa = PBXFileReference; lastKnownFileType = file.xib; path = FacebookPageEmptyTableViewCell.xib; sourceTree = "<group>"; };
		B7F0D2FA2829257700BA9764 /* UpdateUserImageViewController.swift */ = {isa = PBXFileReference; lastKnownFileType = sourcecode.swift; path = UpdateUserImageViewController.swift; sourceTree = "<group>"; };
		B7F0D2FC282A67E900BA9764 /* UpdateUserImageTableViewCell.swift */ = {isa = PBXFileReference; lastKnownFileType = sourcecode.swift; path = UpdateUserImageTableViewCell.swift; sourceTree = "<group>"; };
		B7F0D2FD282A67E900BA9764 /* UpdateUserImageTableViewCell.xib */ = {isa = PBXFileReference; lastKnownFileType = file.xib; path = UpdateUserImageTableViewCell.xib; sourceTree = "<group>"; };
		B7F0D300282A6D8000BA9764 /* UpdateUserImageViewModel.swift */ = {isa = PBXFileReference; lastKnownFileType = sourcecode.swift; path = UpdateUserImageViewModel.swift; sourceTree = "<group>"; };
		B7F0D302282ACD3100BA9764 /* UpdateUserInfoViewController.swift */ = {isa = PBXFileReference; lastKnownFileType = sourcecode.swift; path = UpdateUserInfoViewController.swift; sourceTree = "<group>"; };
		B7F0D304282ACE8600BA9764 /* UpdateUserInfoTableViewCell.swift */ = {isa = PBXFileReference; lastKnownFileType = sourcecode.swift; path = UpdateUserInfoTableViewCell.swift; sourceTree = "<group>"; };
		B7F0D305282ACE8600BA9764 /* UpdateUserInfoTableViewCell.xib */ = {isa = PBXFileReference; lastKnownFileType = file.xib; path = UpdateUserInfoTableViewCell.xib; sourceTree = "<group>"; };
		B7F0D308282AD5B000BA9764 /* UpdateUserInfoViewModel.swift */ = {isa = PBXFileReference; lastKnownFileType = sourcecode.swift; path = UpdateUserInfoViewModel.swift; sourceTree = "<group>"; };
		B7F63C25271D7CE1005856B2 /* DeletePageViewController.swift */ = {isa = PBXFileReference; lastKnownFileType = sourcecode.swift; path = DeletePageViewController.swift; sourceTree = "<group>"; };
		B7F63C27271DC2BF005856B2 /* ConfirmDeletePageViewController.swift */ = {isa = PBXFileReference; lastKnownFileType = sourcecode.swift; path = ConfirmDeletePageViewController.swift; sourceTree = "<group>"; };
		B7F63C29271DC3C7005856B2 /* ConfirmDeletePageTableViewCell.swift */ = {isa = PBXFileReference; lastKnownFileType = sourcecode.swift; path = ConfirmDeletePageTableViewCell.swift; sourceTree = "<group>"; };
		B7F63C2A271DC3C7005856B2 /* ConfirmDeletePageTableViewCell.xib */ = {isa = PBXFileReference; lastKnownFileType = file.xib; path = ConfirmDeletePageTableViewCell.xib; sourceTree = "<group>"; };
		B7FB347227D8B37E00C3C6A3 /* PageSyncSocialViewController.swift */ = {isa = PBXFileReference; lastKnownFileType = sourcecode.swift; path = PageSyncSocialViewController.swift; sourceTree = "<group>"; };
		B7FB347427D8B64E00C3C6A3 /* PageSyncSocialViewModel.swift */ = {isa = PBXFileReference; lastKnownFileType = sourcecode.swift; path = PageSyncSocialViewModel.swift; sourceTree = "<group>"; };
		B7FB347627D8B7F000C3C6A3 /* PageSyncSocialTableViewCell.swift */ = {isa = PBXFileReference; lastKnownFileType = sourcecode.swift; path = PageSyncSocialTableViewCell.swift; sourceTree = "<group>"; };
		B7FB347727D8B7F000C3C6A3 /* PageSyncSocialTableViewCell.xib */ = {isa = PBXFileReference; lastKnownFileType = file.xib; path = PageSyncSocialTableViewCell.xib; sourceTree = "<group>"; };
		B7FFF3EE277EE67400BB0C33 /* ProfileViewController.swift */ = {isa = PBXFileReference; lastKnownFileType = sourcecode.swift; path = ProfileViewController.swift; sourceTree = "<group>"; };
		DD702ADAD4D188AE2A7192EF /* Pods_Profile.framework */ = {isa = PBXFileReference; explicitFileType = wrapper.framework; includeInIndex = 0; path = Pods_Profile.framework; sourceTree = BUILT_PRODUCTS_DIR; };
/* End PBXFileReference section */

/* Begin PBXFrameworksBuildPhase section */
		B7910DD426AFC60E0097C94E /* Frameworks */ = {
			isa = PBXFrameworksBuildPhase;
			buildActionMask = 2147483647;
			files = (
				B71B204B27F474F70030721A /* Farming.framework in Frameworks */,
				B74CEF1926C5073F006B1F2C /* Networking.framework in Frameworks */,
				B7910E7B26BBD9CE0097C94E /* Component.framework in Frameworks */,
				03CA6756D414568EB134E431 /* Pods_Profile.framework in Frameworks */,
				B7910DF026AFCD920097C94E /* Core.framework in Frameworks */,
				B7C2525626CA077A00ACBB84 /* Post.framework in Frameworks */,
				B7AF661E26F32E7000BDE9C4 /* Authen.framework in Frameworks */,
			);
			runOnlyForDeploymentPostprocessing = 0;
		};
/* End PBXFrameworksBuildPhase section */

/* Begin PBXGroup section */
		AD6BEDB5B2493BC9BB79465C /* Pods */ = {
			isa = PBXGroup;
			children = (
				A41DEA465890A2815436B3CE /* Pods-Profile.debug.xcconfig */,
				617F5EED072D8FF7C742AEA4 /* Pods-Profile.release.xcconfig */,
				1B20C3B3FB6B945299FA4152 /* Pods-Profile.debug (production).xcconfig */,
				8ADE79F8979B8AF23C01C50B /* Pods-Profile.debug (staging).xcconfig */,
				8E9320E7FAAD2479F0EDB81D /* Pods-Profile.debug (development).xcconfig */,
				8C78EA16BA992F465C2D2B36 /* Pods-Profile.release (production).xcconfig */,
				0E6A4E2DA213E1E6CA2E6BE3 /* Pods-Profile.release (staging).xcconfig */,
				2942B8B91A54D01B4FA05671 /* Pods-Profile.release (development).xcconfig */,
			);
			name = Pods;
			path = ../Pods;
			sourceTree = "<group>";
		};
		B703A53A2788337C007BFA01 /* Localizable */ = {
			isa = PBXGroup;
			children = (
				B703A53B27883392007BFA01 /* Localizable.swift */,
				B703A5412788340D007BFA01 /* Localizable.strings */,
			);
			path = Localizable;
			sourceTree = "<group>";
		};
		B715F56D2812940C004687EA /* Info */ = {
			isa = PBXGroup;
			children = (
				B7910EC626BF06050097C94E /* UserInfoTableViewCell.swift */,
				B7910EC726BF06050097C94E /* UserInfoTableViewCell.xib */,
				B7910ECA26BF1E1C0097C94E /* SocialLinkTableViewCell.swift */,
				B7910ECB26BF1E1C0097C94E /* SocialLinkTableViewCell.xib */,
				B715F56E28129C0C004687EA /* InfoNormalTableViewCell.swift */,
				B715F56F28129C0C004687EA /* InfoNormalTableViewCell.xib */,
				B715F57228129C23004687EA /* InfoWithIconTableViewCell.swift */,
				B715F57328129C23004687EA /* InfoWithIconTableViewCell.xib */,
				B715F57628129C35004687EA /* InfoHeaderTableViewCell.swift */,
				B715F57728129C35004687EA /* InfoHeaderTableViewCell.xib */,
			);
			path = Info;
			sourceTree = "<group>";
		};
		B7189ADF26EF595D00CB9719 /* Me */ = {
			isa = PBXGroup;
			children = (
				B7FFF3EE277EE67400BB0C33 /* ProfileViewController.swift */,
			);
			path = Me;
			sourceTree = "<group>";
		};
		B753F5732782AB5300D1AC92 /* Profile */ = {
			isa = PBXGroup;
			children = (
				B753F5742782AB8D00D1AC92 /* ProfileHeaderTableViewCell.swift */,
				B753F5752782AB8D00D1AC92 /* ProfileHeaderTableViewCell.xib */,
				B753F57A2782D1AB00D1AC92 /* FeedHeaderTableViewCell.swift */,
				B753F57B2782D1AB00D1AC92 /* FeedHeaderTableViewCell.xib */,
				B7586BE227856066009FEE29 /* ProfileHeaderSkeletonTableViewCell.swift */,
				B7586BE327856066009FEE29 /* ProfileHeaderSkeletonTableViewCell.xib */,
				B7B7C2082786E6DA00DD488A /* ProfilePostTableViewCell.swift */,
				B7B7C2092786E6DA00DD488A /* ProfilePostTableViewCell.xib */,
				B7AC3BBC27A3D2BB00C02867 /* BlockedUserTableViewCell.swift */,
				B7AC3BBD27A3D2BB00C02867 /* BlockedUserTableViewCell.xib */,
				B7AC3BC227A3EF9900C02867 /* HeaderBlockedTableViewCell.swift */,
				B7AC3BC327A3EF9900C02867 /* HeaderBlockedTableViewCell.xib */,
				B76CE4A027E1CEC300CCA693 /* UserNotFoundTableViewCell.swift */,
				B76CE4A127E1CEC300CCA693 /* UserNotFoundTableViewCell.xib */,
			);
			path = Profile;
			sourceTree = "<group>";
		};
		B786902F27CCA7740029EDFE /* User Follow */ = {
			isa = PBXGroup;
			children = (
				B786903027CCA79A0029EDFE /* UserFollowViewController.swift */,
			);
			path = "User Follow";
			sourceTree = "<group>";
		};
		B7910DCD26AFC60E0097C94E = {
			isa = PBXGroup;
			children = (
				B7910DD926AFC60E0097C94E /* Profile */,
				B7910DD826AFC60E0097C94E /* Products */,
				AD6BEDB5B2493BC9BB79465C /* Pods */,
				FDB9755588C404F0DCA882AE /* Frameworks */,
			);
			sourceTree = "<group>";
		};
		B7910DD826AFC60E0097C94E /* Products */ = {
			isa = PBXGroup;
			children = (
				B7910DD726AFC60E0097C94E /* Profile.framework */,
			);
			name = Products;
			sourceTree = "<group>";
		};
		B7910DD926AFC60E0097C94E /* Profile */ = {
			isa = PBXGroup;
			children = (
				B7910DDA26AFC60E0097C94E /* Profile.h */,
				B7910DDB26AFC60E0097C94E /* Info.plist */,
				B7910E6E26BBD36A0097C94E /* Profile.storyboard */,
				B7910EB826BD2DA20097C94E /* Me.storyboard */,
				B703A53A2788337C007BFA01 /* Localizable */,
				B7910EB726BD0C1F0097C94E /* ViewController */,
				B7910E9B26BCDA9E0097C94E /* ViewModel */,
				B7910E8726BC54390097C94E /* Cell */,
				B7910E8626BC54300097C94E /* Section */,
				B7910E7726BBD6E30097C94E /* Assets */,
				B7910E7026BBD4760097C94E /* Utilities */,
				B7910DE226AFC9360097C94E /* Model */,
			);
			path = Profile;
			sourceTree = "<group>";
		};
		B7910DE226AFC9360097C94E /* Model */ = {
			isa = PBXGroup;
			children = (
				B7910DE426AFC9B40097C94E /* Profile.swift */,
				B7910E9E26BCDBEF0097C94E /* SocialLinkShelf.swift */,
				B7910EA026BCDC410097C94E /* SocialLink.swift */,
			);
			path = Model;
			sourceTree = "<group>";
		};
		B7910E7026BBD4760097C94E /* Utilities */ = {
			isa = PBXGroup;
			children = (
				B7910E7126BBD52F0097C94E /* ProfileNibVars.swift */,
				B7910E7326BBD5480097C94E /* ProfileOpener.swift */,
			);
			path = Utilities;
			sourceTree = "<group>";
		};
		B7910E7726BBD6E30097C94E /* Assets */ = {
			isa = PBXGroup;
			children = (
				B7910E7826BBD6FD0097C94E /* Assets.xcassets */,
			);
			path = Assets;
			sourceTree = "<group>";
		};
		B7910E8626BC54300097C94E /* Section */ = {
			isa = PBXGroup;
			children = (
				B7910EA426BCE83D0097C94E /* AddSocialSectionController.swift */,
				B7AF661326F2E88B00BDE9C4 /* CreatePageDisplayNameSectionController.swift */,
			);
			path = Section;
			sourceTree = "<group>";
		};
		B7910E8726BC54390097C94E /* Cell */ = {
			isa = PBXGroup;
			children = (
				B715F56D2812940C004687EA /* Info */,
				B7C46D8E27A12CE80031179E /* Page Sync Social */,
				B753F5732782AB5300D1AC92 /* Profile */,
				B7AF662226F3444300BDE9C4 /* About */,
				B7910EA626BCE8F00097C94E /* AddSocialCell.swift */,
				B7910EA726BCE8F00097C94E /* AddSocialCell.xib */,
				B7910ED026C00A550097C94E /* EditInfoTableViewCell.swift */,
				B7910ED126C00A550097C94E /* EditInfoTableViewCell.xib */,
				B7C098352727CFCD009ACE22 /* EditPageInfoTableViewCell.swift */,
				B7C098342727CFCD009ACE22 /* EditPageInfoTableViewCell.xib */,
				B7AF660F26F2E56400BDE9C4 /* CreatePageDisplayNameCell.swift */,
				B7AF661026F2E56400BDE9C4 /* CreatePageDisplayNameCell.xib */,
				B7F63C29271DC3C7005856B2 /* ConfirmDeletePageTableViewCell.swift */,
				B7F63C2A271DC3C7005856B2 /* ConfirmDeletePageTableViewCell.xib */,
				B7AC23092811441F0091CA21 /* ContactEmailTableViewCell.swift */,
				B7AC230A2811441F0091CA21 /* ContactEmailTableViewCell.xib */,
				B715F5622812609F004687EA /* ContactPhoneTableViewCell.swift */,
				B715F5632812609F004687EA /* ContactPhoneTableViewCell.xib */,
				B7F0D2FC282A67E900BA9764 /* UpdateUserImageTableViewCell.swift */,
				B7F0D2FD282A67E900BA9764 /* UpdateUserImageTableViewCell.xib */,
				B7F0D304282ACE8600BA9764 /* UpdateUserInfoTableViewCell.swift */,
				B7F0D305282ACE8600BA9764 /* UpdateUserInfoTableViewCell.xib */,
			);
			path = Cell;
			sourceTree = "<group>";
		};
		B7910E9B26BCDA9E0097C94E /* ViewModel */ = {
			isa = PBXGroup;
			children = (
				B7910E9C26BCDAC40097C94E /* AboutInfoViewModel.swift */,
				B7910ECE26BF1FD70097C94E /* UserInfoViewModel.swift */,
				B7AF660626F07DA400BDE9C4 /* EditProfileViewModel.swift */,
				B7AF661526F2E94C00BDE9C4 /* CreatePageDisplayNameViewModel.swift */,
				B7AF662026F3303300BDE9C4 /* SelectPhotoMethodViewModel.swift */,
				B71B668A2726A57A00191A62 /* DeletePageViewModel.swift */,
				B753F5712782A50000D1AC92 /* ProfileViewModel.swift */,
				B753F5782782BE8C00D1AC92 /* ProfileHeaderViewModel.swift */,
				B7203DCF27845237005401FB /* ProfileFeedViewModel.swift */,
				B7AC3BC027A3EA2700C02867 /* UserBlockedViewModel.swift */,
				B7167F9127AD018700067DBD /* NewPageWithSocialViewModel.swift */,
				B786903227CCA7D40029EDFE /* UserFollowViewModel.swift */,
				B7FB347427D8B64E00C3C6A3 /* PageSyncSocialViewModel.swift */,
				B72AB84A27E82A8F007421D4 /* EditInfoViewModel.swift */,
				B797240E27FAD15E00111F24 /* SyncSocialMediaViewModel.swift */,
				B7F0D300282A6D8000BA9764 /* UpdateUserImageViewModel.swift */,
				B7F0D308282AD5B000BA9764 /* UpdateUserInfoViewModel.swift */,
			);
			path = ViewModel;
			sourceTree = "<group>";
		};
		B7910EB726BD0C1F0097C94E /* ViewController */ = {
			isa = PBXGroup;
			children = (
				B786902F27CCA7740029EDFE /* User Follow */,
				B7C46D8D27A12CBE0031179E /* Page Sync Social */,
				B7189ADF26EF595D00CB9719 /* Me */,
				B7F0D2FA2829257700BA9764 /* UpdateUserImageViewController.swift */,
				B7F0D302282ACD3100BA9764 /* UpdateUserInfoViewController.swift */,
				B7910E8026BBE32E0097C94E /* SelectPhotoMethodViewController.swift */,
				B7910E8426BC529F0097C94E /* AboutInfoViewController.swift */,
				B7910EA226BCE5420097C94E /* AddSocialViewController.swift */,
				B7910EC426BF03630097C94E /* UserInfoViewController.swift */,
				B7910ED426C00A700097C94E /* EditInfoViewController.swift */,
				B7910ED626C0340B0097C94E /* ProfileActionViewController.swift */,
				B7AF660826F24A2F00BDE9C4 /* WelcomeCreatePageViewController.swift */,
				B7AF660D26F2E1F600BDE9C4 /* PageDisplayNameViewController.swift */,
				B7F63C25271D7CE1005856B2 /* DeletePageViewController.swift */,
				B7F63C27271DC2BF005856B2 /* ConfirmDeletePageViewController.swift */,
				B71B668827269EF500191A62 /* DeletePageSuccessViewController.swift */,
				B7AC2307281142A80091CA21 /* ContactEmailViewController.swift */,
				B76AE886281257700045EB39 /* ContactPhoneViewController.swift */,
			);
			path = ViewController;
			sourceTree = "<group>";
		};
		B7AF662226F3444300BDE9C4 /* About */ = {
			isa = PBXGroup;
			children = (
				B7AF662326F3447900BDE9C4 /* AboutTableViewCell.swift */,
				B7AF662426F3447900BDE9C4 /* AboutTableViewCell.xib */,
				B7AF662726F3568C00BDE9C4 /* DobTableViewCell.swift */,
				B7AF662826F3568C00BDE9C4 /* DobTableViewCell.xib */,
				B7AF662B26F35B5900BDE9C4 /* AddLinkTableViewCell.swift */,
				B7AF662C26F35B5900BDE9C4 /* AddLinkTableViewCell.xib */,
				B7AF662F26F35E0D00BDE9C4 /* SocialTableViewCell.swift */,
				B7AF663026F35E0E00BDE9C4 /* SocialTableViewCell.xib */,
				B7AF663326F360F500BDE9C4 /* ComplateTableViewCell.swift */,
				B7AF663426F360F500BDE9C4 /* ComplateTableViewCell.xib */,
			);
			path = About;
			sourceTree = "<group>";
		};
		B7C46D8D27A12CBE0031179E /* Page Sync Social */ = {
			isa = PBXGroup;
			children = (
				B7C46D8F27A12D2E0031179E /* NewPageWithSocialViewController.swift */,
				B7FB347227D8B37E00C3C6A3 /* PageSyncSocialViewController.swift */,
				B797240C27FACFF800111F24 /* SyncSocialMediaViewController.swift */,
				B7D4BC2127FF1BF6008ACD9F /* FacebookPageListViewController.swift */,
			);
			path = "Page Sync Social";
			sourceTree = "<group>";
		};
		B7C46D8E27A12CE80031179E /* Page Sync Social */ = {
			isa = PBXGroup;
			children = (
				B7C46D9127A135730031179E /* NewPageWithSocialTableViewCell.swift */,
				B7C46D9227A135730031179E /* NewPageWithSocialTableViewCell.xib */,
				B7FB347627D8B7F000C3C6A3 /* PageSyncSocialTableViewCell.swift */,
				B7FB347727D8B7F000C3C6A3 /* PageSyncSocialTableViewCell.xib */,
				B797241127FAD6FC00111F24 /* SocialAccountTableViewCell.swift */,
				B797241027FAD6FB00111F24 /* SocialAccountTableViewCell.xib */,
				B7D4BC2327FF1D4C008ACD9F /* FacebookPageTableViewCell.swift */,
				B7D4BC2427FF1D4C008ACD9F /* FacebookPageTableViewCell.xib */,
				B7D4BC2727FF1D67008ACD9F /* FacebookPageEmptyTableViewCell.swift */,
				B7D4BC2827FF1D67008ACD9F /* FacebookPageEmptyTableViewCell.xib */,
			);
			path = "Page Sync Social";
			sourceTree = "<group>";
		};
		FDB9755588C404F0DCA882AE /* Frameworks */ = {
			isa = PBXGroup;
			children = (
				B71B204A27F474F70030721A /* Farming.framework */,
				B7AF661D26F32E7000BDE9C4 /* Authen.framework */,
				B7C2525526CA077A00ACBB84 /* Post.framework */,
				B78795DB26C6504E00FECC21 /* Feed.framework */,
				B74CEF1826C5073F006B1F2C /* Networking.framework */,
				B7910E7A26BBD9CE0097C94E /* Component.framework */,
				B7910DEF26AFCD920097C94E /* Core.framework */,
				DD702ADAD4D188AE2A7192EF /* Pods_Profile.framework */,
			);
			name = Frameworks;
			sourceTree = "<group>";
		};
/* End PBXGroup section */

/* Begin PBXHeadersBuildPhase section */
		B7910DD226AFC60E0097C94E /* Headers */ = {
			isa = PBXHeadersBuildPhase;
			buildActionMask = 2147483647;
			files = (
				B7910DDC26AFC60E0097C94E /* Profile.h in Headers */,
			);
			runOnlyForDeploymentPostprocessing = 0;
		};
/* End PBXHeadersBuildPhase section */

/* Begin PBXNativeTarget section */
		B7910DD626AFC60E0097C94E /* Profile */ = {
			isa = PBXNativeTarget;
			buildConfigurationList = B7910DDF26AFC60E0097C94E /* Build configuration list for PBXNativeTarget "Profile" */;
			buildPhases = (
				477BDAF6AC8DA361FCE0D6D6 /* [CP] Check Pods Manifest.lock */,
				B7910DD226AFC60E0097C94E /* Headers */,
				B7910DD326AFC60E0097C94E /* Sources */,
				B7910DD426AFC60E0097C94E /* Frameworks */,
				B7910DD526AFC60E0097C94E /* Resources */,
			);
			buildRules = (
			);
			dependencies = (
			);
			name = Profile;
			packageProductDependencies = (
			);
			productName = Profile;
			productReference = B7910DD726AFC60E0097C94E /* Profile.framework */;
			productType = "com.apple.product-type.framework";
		};
/* End PBXNativeTarget section */

/* Begin PBXProject section */
		B7910DCE26AFC60E0097C94E /* Project object */ = {
			isa = PBXProject;
			attributes = {
				LastUpgradeCheck = 1310;
				TargetAttributes = {
					B7910DD626AFC60E0097C94E = {
						CreatedOnToolsVersion = 12.5.1;
						LastSwiftMigration = 1250;
					};
				};
			};
			buildConfigurationList = B7910DD126AFC60E0097C94E /* Build configuration list for PBXProject "Profile" */;
			compatibilityVersion = "Xcode 9.3";
			developmentRegion = en;
			hasScannedForEncodings = 0;
			knownRegions = (
				en,
				Base,
				th,
			);
			mainGroup = B7910DCD26AFC60E0097C94E;
			packageReferences = (
			);
			productRefGroup = B7910DD826AFC60E0097C94E /* Products */;
			projectDirPath = "";
			projectRoot = "";
			targets = (
				B7910DD626AFC60E0097C94E /* Profile */,
			);
		};
/* End PBXProject section */

/* Begin PBXResourcesBuildPhase section */
		B7910DD526AFC60E0097C94E /* Resources */ = {
			isa = PBXResourcesBuildPhase;
			buildActionMask = 2147483647;
			files = (
				B7F0D307282ACE8600BA9764 /* UpdateUserInfoTableViewCell.xib in Resources */,
				B7F63C2C271DC3C7005856B2 /* ConfirmDeletePageTableViewCell.xib in Resources */,
				B7910EC926BF06050097C94E /* UserInfoTableViewCell.xib in Resources */,
				B715F57528129C23004687EA /* InfoWithIconTableViewCell.xib in Resources */,
				B7AF662A26F3568C00BDE9C4 /* DobTableViewCell.xib in Resources */,
				B7D4BC2627FF1D4C008ACD9F /* FacebookPageTableViewCell.xib in Resources */,
				B7C098362727CFCD009ACE22 /* EditPageInfoTableViewCell.xib in Resources */,
				B7AF663626F360F500BDE9C4 /* ComplateTableViewCell.xib in Resources */,
				B703A53F2788340D007BFA01 /* Localizable.strings in Resources */,
				B7AF662E26F35B5900BDE9C4 /* AddLinkTableViewCell.xib in Resources */,
				B7AF662626F3447900BDE9C4 /* AboutTableViewCell.xib in Resources */,
				B7FB347927D8B7F000C3C6A3 /* PageSyncSocialTableViewCell.xib in Resources */,
				B753F57D2782D1AB00D1AC92 /* FeedHeaderTableViewCell.xib in Resources */,
				B7F0D2FF282A67E900BA9764 /* UpdateUserImageTableViewCell.xib in Resources */,
				B7AC3BC527A3EF9900C02867 /* HeaderBlockedTableViewCell.xib in Resources */,
				B7AF661226F2E56400BDE9C4 /* CreatePageDisplayNameCell.xib in Resources */,
				B7AF663226F35E0E00BDE9C4 /* SocialTableViewCell.xib in Resources */,
				B7910ECD26BF1E1C0097C94E /* SocialLinkTableViewCell.xib in Resources */,
				B7B7C20B2786E6DA00DD488A /* ProfilePostTableViewCell.xib in Resources */,
				B7D4BC2A27FF1D67008ACD9F /* FacebookPageEmptyTableViewCell.xib in Resources */,
				B76CE4A327E1CEC300CCA693 /* UserNotFoundTableViewCell.xib in Resources */,
				B7586BE527856066009FEE29 /* ProfileHeaderSkeletonTableViewCell.xib in Resources */,
				B7910E7926BBD6FD0097C94E /* Assets.xcassets in Resources */,
				B7910E6F26BBD36A0097C94E /* Profile.storyboard in Resources */,
				B753F5772782AB8D00D1AC92 /* ProfileHeaderTableViewCell.xib in Resources */,
				B7AC230C2811441F0091CA21 /* ContactEmailTableViewCell.xib in Resources */,
				B715F57128129C0C004687EA /* InfoNormalTableViewCell.xib in Resources */,
				B715F5652812609F004687EA /* ContactPhoneTableViewCell.xib in Resources */,
				B7910EB926BD2DA20097C94E /* Me.storyboard in Resources */,
				B7910EA926BCE8F00097C94E /* AddSocialCell.xib in Resources */,
				B7AC3BBF27A3D2BB00C02867 /* BlockedUserTableViewCell.xib in Resources */,
				B7910ED326C00A550097C94E /* EditInfoTableViewCell.xib in Resources */,
				B7C46D9427A135730031179E /* NewPageWithSocialTableViewCell.xib in Resources */,
				B797241227FAD6FC00111F24 /* SocialAccountTableViewCell.xib in Resources */,
				B715F57928129C35004687EA /* InfoHeaderTableViewCell.xib in Resources */,
			);
			runOnlyForDeploymentPostprocessing = 0;
		};
/* End PBXResourcesBuildPhase section */

/* Begin PBXShellScriptBuildPhase section */
		477BDAF6AC8DA361FCE0D6D6 /* [CP] Check Pods Manifest.lock */ = {
			isa = PBXShellScriptBuildPhase;
			buildActionMask = 2147483647;
			files = (
			);
			inputFileListPaths = (
			);
			inputPaths = (
				"${PODS_PODFILE_DIR_PATH}/Podfile.lock",
				"${PODS_ROOT}/Manifest.lock",
			);
			name = "[CP] Check Pods Manifest.lock";
			outputFileListPaths = (
			);
			outputPaths = (
				"$(DERIVED_FILE_DIR)/Pods-Profile-checkManifestLockResult.txt",
			);
			runOnlyForDeploymentPostprocessing = 0;
			shellPath = /bin/sh;
			shellScript = "diff \"${PODS_PODFILE_DIR_PATH}/Podfile.lock\" \"${PODS_ROOT}/Manifest.lock\" > /dev/null\nif [ $? != 0 ] ; then\n    # print error to STDERR\n    echo \"error: The sandbox is not in sync with the Podfile.lock. Run 'pod install' or update your CocoaPods installation.\" >&2\n    exit 1\nfi\n# This output is used by Xcode 'outputs' to avoid re-running this script phase.\necho \"SUCCESS\" > \"${SCRIPT_OUTPUT_FILE_0}\"\n";
			showEnvVarsInLog = 0;
		};
/* End PBXShellScriptBuildPhase section */

/* Begin PBXSourcesBuildPhase section */
		B7910DD326AFC60E0097C94E /* Sources */ = {
			isa = PBXSourcesBuildPhase;
			buildActionMask = 2147483647;
			files = (
				B76AE887281257700045EB39 /* ContactPhoneViewController.swift in Sources */,
				B7910DE526AFC9B40097C94E /* Profile.swift in Sources */,
				B7AF661126F2E56400BDE9C4 /* CreatePageDisplayNameCell.swift in Sources */,
				B7FB347827D8B7F000C3C6A3 /* PageSyncSocialTableViewCell.swift in Sources */,
				B703A53C27883392007BFA01 /* Localizable.swift in Sources */,
				B71B668927269EF500191A62 /* DeletePageSuccessViewController.swift in Sources */,
				B7910EA826BCE8F00097C94E /* AddSocialCell.swift in Sources */,
				B7AF663126F35E0E00BDE9C4 /* SocialTableViewCell.swift in Sources */,
				B715F57828129C35004687EA /* InfoHeaderTableViewCell.swift in Sources */,
				B7AF660E26F2E1F600BDE9C4 /* PageDisplayNameViewController.swift in Sources */,
				B797240F27FAD15E00111F24 /* SyncSocialMediaViewModel.swift in Sources */,
				B7AF662926F3568C00BDE9C4 /* DobTableViewCell.swift in Sources */,
				B7F63C2B271DC3C7005856B2 /* ConfirmDeletePageTableViewCell.swift in Sources */,
				B7910EC526BF03640097C94E /* UserInfoViewController.swift in Sources */,
				B7AF661626F2E94C00BDE9C4 /* CreatePageDisplayNameViewModel.swift in Sources */,
				B72AB84B27E82A8F007421D4 /* EditInfoViewModel.swift in Sources */,
				B786903127CCA79A0029EDFE /* UserFollowViewController.swift in Sources */,
				B7AC3BBE27A3D2BB00C02867 /* BlockedUserTableViewCell.swift in Sources */,
				B753F5762782AB8D00D1AC92 /* ProfileHeaderTableViewCell.swift in Sources */,
				B7910EC826BF06050097C94E /* UserInfoTableViewCell.swift in Sources */,
				B7910ECF26BF1FD70097C94E /* UserInfoViewModel.swift in Sources */,
				B753F57C2782D1AB00D1AC92 /* FeedHeaderTableViewCell.swift in Sources */,
				B7D4BC2527FF1D4C008ACD9F /* FacebookPageTableViewCell.swift in Sources */,
				B7FB347527D8B64E00C3C6A3 /* PageSyncSocialViewModel.swift in Sources */,
				B7AF662D26F35B5900BDE9C4 /* AddLinkTableViewCell.swift in Sources */,
				B7F0D303282ACD3100BA9764 /* UpdateUserInfoViewController.swift in Sources */,
				B797240D27FACFF900111F24 /* SyncSocialMediaViewController.swift in Sources */,
				B7F0D306282ACE8600BA9764 /* UpdateUserInfoTableViewCell.swift in Sources */,
				B7C098372727CFCD009ACE22 /* EditPageInfoTableViewCell.swift in Sources */,
				B7AC230B2811441F0091CA21 /* ContactEmailTableViewCell.swift in Sources */,
				B7AF661426F2E88B00BDE9C4 /* CreatePageDisplayNameSectionController.swift in Sources */,
				B7AF662526F3447900BDE9C4 /* AboutTableViewCell.swift in Sources */,
				B7AC3BC127A3EA2700C02867 /* UserBlockedViewModel.swift in Sources */,
				B7D4BC2927FF1D67008ACD9F /* FacebookPageEmptyTableViewCell.swift in Sources */,
				B7586BE427856066009FEE29 /* ProfileHeaderSkeletonTableViewCell.swift in Sources */,
				B7910E7226BBD52F0097C94E /* ProfileNibVars.swift in Sources */,
				B7AF660926F24A2F00BDE9C4 /* WelcomeCreatePageViewController.swift in Sources */,
				B7AC2308281142A80091CA21 /* ContactEmailViewController.swift in Sources */,
				B7F63C26271D7CE1005856B2 /* DeletePageViewController.swift in Sources */,
				B797241327FAD6FC00111F24 /* SocialAccountTableViewCell.swift in Sources */,
				B7D4BC2227FF1BF6008ACD9F /* FacebookPageListViewController.swift in Sources */,
				B7F0D2FE282A67E900BA9764 /* UpdateUserImageTableViewCell.swift in Sources */,
				B7910E8126BBE32E0097C94E /* SelectPhotoMethodViewController.swift in Sources */,
				B7AF662126F3303300BDE9C4 /* SelectPhotoMethodViewModel.swift in Sources */,
				B7910EA126BCDC410097C94E /* SocialLink.swift in Sources */,
				B7910EA526BCE83D0097C94E /* AddSocialSectionController.swift in Sources */,
				B7F0D309282AD5B100BA9764 /* UpdateUserInfoViewModel.swift in Sources */,
				B786903327CCA7D40029EDFE /* UserFollowViewModel.swift in Sources */,
				B7910E7426BBD5480097C94E /* ProfileOpener.swift in Sources */,
				B7B7C20A2786E6DA00DD488A /* ProfilePostTableViewCell.swift in Sources */,
				B753F5792782BE8C00D1AC92 /* ProfileHeaderViewModel.swift in Sources */,
				B7AC3BC427A3EF9900C02867 /* HeaderBlockedTableViewCell.swift in Sources */,
				B7910ED726C0340B0097C94E /* ProfileActionViewController.swift in Sources */,
				B7AF663526F360F500BDE9C4 /* ComplateTableViewCell.swift in Sources */,
				B76CE4A227E1CEC300CCA693 /* UserNotFoundTableViewCell.swift in Sources */,
				B7F0D2FB2829257700BA9764 /* UpdateUserImageViewController.swift in Sources */,
				B7C46D9327A135730031179E /* NewPageWithSocialTableViewCell.swift in Sources */,
				B71B668B2726A57A00191A62 /* DeletePageViewModel.swift in Sources */,
				B7910E9F26BCDBEF0097C94E /* SocialLinkShelf.swift in Sources */,
				B7910ECC26BF1E1C0097C94E /* SocialLinkTableViewCell.swift in Sources */,
				B7910ED226C00A550097C94E /* EditInfoTableViewCell.swift in Sources */,
				B7203DD027845237005401FB /* ProfileFeedViewModel.swift in Sources */,
				B7910E8526BC52A00097C94E /* AboutInfoViewController.swift in Sources */,
				B715F57028129C0C004687EA /* InfoNormalTableViewCell.swift in Sources */,
				B753F5722782A50000D1AC92 /* ProfileViewModel.swift in Sources */,
				B7F0D301282A6D8000BA9764 /* UpdateUserImageViewModel.swift in Sources */,
				B7910E9D26BCDAC40097C94E /* AboutInfoViewModel.swift in Sources */,
				B715F57428129C23004687EA /* InfoWithIconTableViewCell.swift in Sources */,
				B7C46D9027A12D2E0031179E /* NewPageWithSocialViewController.swift in Sources */,
				B7910ED526C00A700097C94E /* EditInfoViewController.swift in Sources */,
				B7AF660726F07DA400BDE9C4 /* EditProfileViewModel.swift in Sources */,
				B7F63C28271DC2BF005856B2 /* ConfirmDeletePageViewController.swift in Sources */,
				B7FFF3EF277EE67400BB0C33 /* ProfileViewController.swift in Sources */,
				B715F5642812609F004687EA /* ContactPhoneTableViewCell.swift in Sources */,
				B7167F9227AD018700067DBD /* NewPageWithSocialViewModel.swift in Sources */,
				B7FB347327D8B37E00C3C6A3 /* PageSyncSocialViewController.swift in Sources */,
				B7910EA326BCE5420097C94E /* AddSocialViewController.swift in Sources */,
			);
			runOnlyForDeploymentPostprocessing = 0;
		};
/* End PBXSourcesBuildPhase section */

/* Begin PBXVariantGroup section */
		B703A5412788340D007BFA01 /* Localizable.strings */ = {
			isa = PBXVariantGroup;
			children = (
				B703A5402788340D007BFA01 /* en */,
				B703A54227883429007BFA01 /* th */,
			);
			name = Localizable.strings;
			sourceTree = "<group>";
		};
/* End PBXVariantGroup section */

/* Begin XCBuildConfiguration section */
		B7910DDD26AFC60E0097C94E /* Debug (Production) */ = {
			isa = XCBuildConfiguration;
			buildSettings = {
				ALWAYS_SEARCH_USER_PATHS = NO;
				CLANG_ANALYZER_LOCALIZABILITY_NONLOCALIZED = YES;
				CLANG_ANALYZER_NONNULL = YES;
				CLANG_ANALYZER_NUMBER_OBJECT_CONVERSION = YES_AGGRESSIVE;
				CLANG_CXX_LANGUAGE_STANDARD = "gnu++14";
				CLANG_CXX_LIBRARY = "libc++";
				CLANG_ENABLE_MODULES = YES;
				CLANG_ENABLE_OBJC_ARC = YES;
				CLANG_ENABLE_OBJC_WEAK = YES;
				CLANG_WARN_BLOCK_CAPTURE_AUTORELEASING = YES;
				CLANG_WARN_BOOL_CONVERSION = YES;
				CLANG_WARN_COMMA = YES;
				CLANG_WARN_CONSTANT_CONVERSION = YES;
				CLANG_WARN_DEPRECATED_OBJC_IMPLEMENTATIONS = YES;
				CLANG_WARN_DIRECT_OBJC_ISA_USAGE = YES_ERROR;
				CLANG_WARN_DOCUMENTATION_COMMENTS = YES;
				CLANG_WARN_EMPTY_BODY = YES;
				CLANG_WARN_ENUM_CONVERSION = YES;
				CLANG_WARN_INFINITE_RECURSION = YES;
				CLANG_WARN_INT_CONVERSION = YES;
				CLANG_WARN_NON_LITERAL_NULL_CONVERSION = YES;
				CLANG_WARN_OBJC_IMPLICIT_RETAIN_SELF = YES;
				CLANG_WARN_OBJC_LITERAL_CONVERSION = YES;
				CLANG_WARN_OBJC_ROOT_CLASS = YES_ERROR;
				CLANG_WARN_QUOTED_INCLUDE_IN_FRAMEWORK_HEADER = YES;
				CLANG_WARN_RANGE_LOOP_ANALYSIS = YES;
				CLANG_WARN_STRICT_PROTOTYPES = YES;
				CLANG_WARN_SUSPICIOUS_MOVE = YES;
				CLANG_WARN_UNGUARDED_AVAILABILITY = YES_AGGRESSIVE;
				CLANG_WARN_UNREACHABLE_CODE = YES;
				CLANG_WARN__DUPLICATE_METHOD_MATCH = YES;
				COPY_PHASE_STRIP = NO;
				CURRENT_PROJECT_VERSION = 1;
				DEBUG_INFORMATION_FORMAT = dwarf;
				ENABLE_BITCODE = NO;
				ENABLE_STRICT_OBJC_MSGSEND = YES;
				ENABLE_TESTABILITY = YES;
				GCC_C_LANGUAGE_STANDARD = gnu11;
				GCC_DYNAMIC_NO_PIC = NO;
				GCC_NO_COMMON_BLOCKS = YES;
				GCC_OPTIMIZATION_LEVEL = 0;
				GCC_PREPROCESSOR_DEFINITIONS = (
					"DEBUG=1",
					"$(inherited)",
				);
				GCC_WARN_64_TO_32_BIT_CONVERSION = YES;
				GCC_WARN_ABOUT_RETURN_TYPE = YES_ERROR;
				GCC_WARN_UNDECLARED_SELECTOR = YES;
				GCC_WARN_UNINITIALIZED_AUTOS = YES_AGGRESSIVE;
				GCC_WARN_UNUSED_FUNCTION = YES;
				GCC_WARN_UNUSED_VARIABLE = YES;
				IPHONEOS_DEPLOYMENT_TARGET = 13.0;
				MTL_ENABLE_DEBUG_INFO = INCLUDE_SOURCE;
				MTL_FAST_MATH = YES;
				ONLY_ACTIVE_ARCH = YES;
				SDKROOT = iphoneos;
				SWIFT_ACTIVE_COMPILATION_CONDITIONS = DEBUG;
				SWIFT_OPTIMIZATION_LEVEL = "-Onone";
				VERSIONING_SYSTEM = "apple-generic";
				VERSION_INFO_PREFIX = "";
			};
			name = "Debug (Production)";
		};
		B7910DDE26AFC60E0097C94E /* Release (Production) */ = {
			isa = XCBuildConfiguration;
			buildSettings = {
				ALWAYS_SEARCH_USER_PATHS = NO;
				CLANG_ANALYZER_LOCALIZABILITY_NONLOCALIZED = YES;
				CLANG_ANALYZER_NONNULL = YES;
				CLANG_ANALYZER_NUMBER_OBJECT_CONVERSION = YES_AGGRESSIVE;
				CLANG_CXX_LANGUAGE_STANDARD = "gnu++14";
				CLANG_CXX_LIBRARY = "libc++";
				CLANG_ENABLE_MODULES = YES;
				CLANG_ENABLE_OBJC_ARC = YES;
				CLANG_ENABLE_OBJC_WEAK = YES;
				CLANG_WARN_BLOCK_CAPTURE_AUTORELEASING = YES;
				CLANG_WARN_BOOL_CONVERSION = YES;
				CLANG_WARN_COMMA = YES;
				CLANG_WARN_CONSTANT_CONVERSION = YES;
				CLANG_WARN_DEPRECATED_OBJC_IMPLEMENTATIONS = YES;
				CLANG_WARN_DIRECT_OBJC_ISA_USAGE = YES_ERROR;
				CLANG_WARN_DOCUMENTATION_COMMENTS = YES;
				CLANG_WARN_EMPTY_BODY = YES;
				CLANG_WARN_ENUM_CONVERSION = YES;
				CLANG_WARN_INFINITE_RECURSION = YES;
				CLANG_WARN_INT_CONVERSION = YES;
				CLANG_WARN_NON_LITERAL_NULL_CONVERSION = YES;
				CLANG_WARN_OBJC_IMPLICIT_RETAIN_SELF = YES;
				CLANG_WARN_OBJC_LITERAL_CONVERSION = YES;
				CLANG_WARN_OBJC_ROOT_CLASS = YES_ERROR;
				CLANG_WARN_QUOTED_INCLUDE_IN_FRAMEWORK_HEADER = YES;
				CLANG_WARN_RANGE_LOOP_ANALYSIS = YES;
				CLANG_WARN_STRICT_PROTOTYPES = YES;
				CLANG_WARN_SUSPICIOUS_MOVE = YES;
				CLANG_WARN_UNGUARDED_AVAILABILITY = YES_AGGRESSIVE;
				CLANG_WARN_UNREACHABLE_CODE = YES;
				CLANG_WARN__DUPLICATE_METHOD_MATCH = YES;
				COPY_PHASE_STRIP = NO;
				CURRENT_PROJECT_VERSION = 1;
				DEBUG_INFORMATION_FORMAT = "dwarf-with-dsym";
				ENABLE_BITCODE = NO;
				ENABLE_NS_ASSERTIONS = NO;
				ENABLE_STRICT_OBJC_MSGSEND = YES;
				GCC_C_LANGUAGE_STANDARD = gnu11;
				GCC_NO_COMMON_BLOCKS = YES;
				GCC_WARN_64_TO_32_BIT_CONVERSION = YES;
				GCC_WARN_ABOUT_RETURN_TYPE = YES_ERROR;
				GCC_WARN_UNDECLARED_SELECTOR = YES;
				GCC_WARN_UNINITIALIZED_AUTOS = YES_AGGRESSIVE;
				GCC_WARN_UNUSED_FUNCTION = YES;
				GCC_WARN_UNUSED_VARIABLE = YES;
				IPHONEOS_DEPLOYMENT_TARGET = 13.0;
				MTL_ENABLE_DEBUG_INFO = NO;
				MTL_FAST_MATH = YES;
				SDKROOT = iphoneos;
				SWIFT_COMPILATION_MODE = wholemodule;
				SWIFT_OPTIMIZATION_LEVEL = "-O";
				VALIDATE_PRODUCT = YES;
				VERSIONING_SYSTEM = "apple-generic";
				VERSION_INFO_PREFIX = "";
			};
			name = "Release (Production)";
		};
		B7910DE026AFC60E0097C94E /* Debug (Production) */ = {
			isa = XCBuildConfiguration;
			baseConfigurationReference = 1B20C3B3FB6B945299FA4152 /* Pods-Profile.debug (production).xcconfig */;
			buildSettings = {
				CLANG_ENABLE_MODULES = YES;
				CODE_SIGN_STYLE = Automatic;
				DEFINES_MODULE = YES;
				DYLIB_COMPATIBILITY_VERSION = 1;
				DYLIB_CURRENT_VERSION = 1;
				DYLIB_INSTALL_NAME_BASE = "@rpath";
				INFOPLIST_FILE = Profile/Info.plist;
				INSTALL_PATH = "$(LOCAL_LIBRARY_DIR)/Frameworks";
				LD_RUNPATH_SEARCH_PATHS = (
					"$(inherited)",
					"@executable_path/Frameworks",
					"@loader_path/Frameworks",
				);
				PRODUCT_BUNDLE_IDENTIFIER = com.castcle.Profile;
				PRODUCT_NAME = "$(TARGET_NAME:c99extidentifier)";
				SKIP_INSTALL = YES;
				SWIFT_OPTIMIZATION_LEVEL = "-Onone";
				SWIFT_VERSION = 5.0;
				TARGETED_DEVICE_FAMILY = "1,2";
			};
			name = "Debug (Production)";
		};
		B7910DE126AFC60E0097C94E /* Release (Production) */ = {
			isa = XCBuildConfiguration;
			baseConfigurationReference = 8C78EA16BA992F465C2D2B36 /* Pods-Profile.release (production).xcconfig */;
			buildSettings = {
				CLANG_ENABLE_MODULES = YES;
				CODE_SIGN_STYLE = Automatic;
				DEFINES_MODULE = YES;
				DYLIB_COMPATIBILITY_VERSION = 1;
				DYLIB_CURRENT_VERSION = 1;
				DYLIB_INSTALL_NAME_BASE = "@rpath";
				INFOPLIST_FILE = Profile/Info.plist;
				INSTALL_PATH = "$(LOCAL_LIBRARY_DIR)/Frameworks";
				LD_RUNPATH_SEARCH_PATHS = (
					"$(inherited)",
					"@executable_path/Frameworks",
					"@loader_path/Frameworks",
				);
				PRODUCT_BUNDLE_IDENTIFIER = com.castcle.Profile;
				PRODUCT_NAME = "$(TARGET_NAME:c99extidentifier)";
				SKIP_INSTALL = YES;
				SWIFT_VERSION = 5.0;
				TARGETED_DEVICE_FAMILY = "1,2";
			};
			name = "Release (Production)";
		};
		B7910DFC26B10FB70097C94E /* Debug (Staging) */ = {
			isa = XCBuildConfiguration;
			buildSettings = {
				ALWAYS_SEARCH_USER_PATHS = NO;
				CLANG_ANALYZER_LOCALIZABILITY_NONLOCALIZED = YES;
				CLANG_ANALYZER_NONNULL = YES;
				CLANG_ANALYZER_NUMBER_OBJECT_CONVERSION = YES_AGGRESSIVE;
				CLANG_CXX_LANGUAGE_STANDARD = "gnu++14";
				CLANG_CXX_LIBRARY = "libc++";
				CLANG_ENABLE_MODULES = YES;
				CLANG_ENABLE_OBJC_ARC = YES;
				CLANG_ENABLE_OBJC_WEAK = YES;
				CLANG_WARN_BLOCK_CAPTURE_AUTORELEASING = YES;
				CLANG_WARN_BOOL_CONVERSION = YES;
				CLANG_WARN_COMMA = YES;
				CLANG_WARN_CONSTANT_CONVERSION = YES;
				CLANG_WARN_DEPRECATED_OBJC_IMPLEMENTATIONS = YES;
				CLANG_WARN_DIRECT_OBJC_ISA_USAGE = YES_ERROR;
				CLANG_WARN_DOCUMENTATION_COMMENTS = YES;
				CLANG_WARN_EMPTY_BODY = YES;
				CLANG_WARN_ENUM_CONVERSION = YES;
				CLANG_WARN_INFINITE_RECURSION = YES;
				CLANG_WARN_INT_CONVERSION = YES;
				CLANG_WARN_NON_LITERAL_NULL_CONVERSION = YES;
				CLANG_WARN_OBJC_IMPLICIT_RETAIN_SELF = YES;
				CLANG_WARN_OBJC_LITERAL_CONVERSION = YES;
				CLANG_WARN_OBJC_ROOT_CLASS = YES_ERROR;
				CLANG_WARN_QUOTED_INCLUDE_IN_FRAMEWORK_HEADER = YES;
				CLANG_WARN_RANGE_LOOP_ANALYSIS = YES;
				CLANG_WARN_STRICT_PROTOTYPES = YES;
				CLANG_WARN_SUSPICIOUS_MOVE = YES;
				CLANG_WARN_UNGUARDED_AVAILABILITY = YES_AGGRESSIVE;
				CLANG_WARN_UNREACHABLE_CODE = YES;
				CLANG_WARN__DUPLICATE_METHOD_MATCH = YES;
				COPY_PHASE_STRIP = NO;
				CURRENT_PROJECT_VERSION = 1;
				DEBUG_INFORMATION_FORMAT = dwarf;
				ENABLE_BITCODE = NO;
				ENABLE_STRICT_OBJC_MSGSEND = YES;
				ENABLE_TESTABILITY = YES;
				GCC_C_LANGUAGE_STANDARD = gnu11;
				GCC_DYNAMIC_NO_PIC = NO;
				GCC_NO_COMMON_BLOCKS = YES;
				GCC_OPTIMIZATION_LEVEL = 0;
				GCC_PREPROCESSOR_DEFINITIONS = (
					"DEBUG=1",
					"$(inherited)",
				);
				GCC_WARN_64_TO_32_BIT_CONVERSION = YES;
				GCC_WARN_ABOUT_RETURN_TYPE = YES_ERROR;
				GCC_WARN_UNDECLARED_SELECTOR = YES;
				GCC_WARN_UNINITIALIZED_AUTOS = YES_AGGRESSIVE;
				GCC_WARN_UNUSED_FUNCTION = YES;
				GCC_WARN_UNUSED_VARIABLE = YES;
				IPHONEOS_DEPLOYMENT_TARGET = 13.0;
				MTL_ENABLE_DEBUG_INFO = INCLUDE_SOURCE;
				MTL_FAST_MATH = YES;
				ONLY_ACTIVE_ARCH = YES;
				SDKROOT = iphoneos;
				SWIFT_ACTIVE_COMPILATION_CONDITIONS = DEBUG;
				SWIFT_OPTIMIZATION_LEVEL = "-Onone";
				VERSIONING_SYSTEM = "apple-generic";
				VERSION_INFO_PREFIX = "";
			};
			name = "Debug (Staging)";
		};
		B7910DFD26B10FB70097C94E /* Debug (Staging) */ = {
			isa = XCBuildConfiguration;
			baseConfigurationReference = 8ADE79F8979B8AF23C01C50B /* Pods-Profile.debug (staging).xcconfig */;
			buildSettings = {
				CLANG_ENABLE_MODULES = YES;
				CODE_SIGN_STYLE = Automatic;
				DEFINES_MODULE = YES;
				DYLIB_COMPATIBILITY_VERSION = 1;
				DYLIB_CURRENT_VERSION = 1;
				DYLIB_INSTALL_NAME_BASE = "@rpath";
				INFOPLIST_FILE = Profile/Info.plist;
				INSTALL_PATH = "$(LOCAL_LIBRARY_DIR)/Frameworks";
				LD_RUNPATH_SEARCH_PATHS = (
					"$(inherited)",
					"@executable_path/Frameworks",
					"@loader_path/Frameworks",
				);
				PRODUCT_BUNDLE_IDENTIFIER = com.castcle.Profile;
				PRODUCT_NAME = "$(TARGET_NAME:c99extidentifier)";
				SKIP_INSTALL = YES;
				SWIFT_OPTIMIZATION_LEVEL = "-Onone";
				SWIFT_VERSION = 5.0;
				TARGETED_DEVICE_FAMILY = "1,2";
			};
			name = "Debug (Staging)";
		};
		B7910DFE26B10FBB0097C94E /* Debug (Development) */ = {
			isa = XCBuildConfiguration;
			buildSettings = {
				ALWAYS_SEARCH_USER_PATHS = NO;
				CLANG_ANALYZER_LOCALIZABILITY_NONLOCALIZED = YES;
				CLANG_ANALYZER_NONNULL = YES;
				CLANG_ANALYZER_NUMBER_OBJECT_CONVERSION = YES_AGGRESSIVE;
				CLANG_CXX_LANGUAGE_STANDARD = "gnu++14";
				CLANG_CXX_LIBRARY = "libc++";
				CLANG_ENABLE_MODULES = YES;
				CLANG_ENABLE_OBJC_ARC = YES;
				CLANG_ENABLE_OBJC_WEAK = YES;
				CLANG_WARN_BLOCK_CAPTURE_AUTORELEASING = YES;
				CLANG_WARN_BOOL_CONVERSION = YES;
				CLANG_WARN_COMMA = YES;
				CLANG_WARN_CONSTANT_CONVERSION = YES;
				CLANG_WARN_DEPRECATED_OBJC_IMPLEMENTATIONS = YES;
				CLANG_WARN_DIRECT_OBJC_ISA_USAGE = YES_ERROR;
				CLANG_WARN_DOCUMENTATION_COMMENTS = YES;
				CLANG_WARN_EMPTY_BODY = YES;
				CLANG_WARN_ENUM_CONVERSION = YES;
				CLANG_WARN_INFINITE_RECURSION = YES;
				CLANG_WARN_INT_CONVERSION = YES;
				CLANG_WARN_NON_LITERAL_NULL_CONVERSION = YES;
				CLANG_WARN_OBJC_IMPLICIT_RETAIN_SELF = YES;
				CLANG_WARN_OBJC_LITERAL_CONVERSION = YES;
				CLANG_WARN_OBJC_ROOT_CLASS = YES_ERROR;
				CLANG_WARN_QUOTED_INCLUDE_IN_FRAMEWORK_HEADER = YES;
				CLANG_WARN_RANGE_LOOP_ANALYSIS = YES;
				CLANG_WARN_STRICT_PROTOTYPES = YES;
				CLANG_WARN_SUSPICIOUS_MOVE = YES;
				CLANG_WARN_UNGUARDED_AVAILABILITY = YES_AGGRESSIVE;
				CLANG_WARN_UNREACHABLE_CODE = YES;
				CLANG_WARN__DUPLICATE_METHOD_MATCH = YES;
				COPY_PHASE_STRIP = NO;
				CURRENT_PROJECT_VERSION = 1;
				DEBUG_INFORMATION_FORMAT = dwarf;
				ENABLE_BITCODE = NO;
				ENABLE_STRICT_OBJC_MSGSEND = YES;
				ENABLE_TESTABILITY = YES;
				GCC_C_LANGUAGE_STANDARD = gnu11;
				GCC_DYNAMIC_NO_PIC = NO;
				GCC_NO_COMMON_BLOCKS = YES;
				GCC_OPTIMIZATION_LEVEL = 0;
				GCC_PREPROCESSOR_DEFINITIONS = (
					"DEBUG=1",
					"$(inherited)",
				);
				GCC_WARN_64_TO_32_BIT_CONVERSION = YES;
				GCC_WARN_ABOUT_RETURN_TYPE = YES_ERROR;
				GCC_WARN_UNDECLARED_SELECTOR = YES;
				GCC_WARN_UNINITIALIZED_AUTOS = YES_AGGRESSIVE;
				GCC_WARN_UNUSED_FUNCTION = YES;
				GCC_WARN_UNUSED_VARIABLE = YES;
				IPHONEOS_DEPLOYMENT_TARGET = 13.0;
				MTL_ENABLE_DEBUG_INFO = INCLUDE_SOURCE;
				MTL_FAST_MATH = YES;
				ONLY_ACTIVE_ARCH = YES;
				SDKROOT = iphoneos;
				SWIFT_ACTIVE_COMPILATION_CONDITIONS = DEBUG;
				SWIFT_OPTIMIZATION_LEVEL = "-Onone";
				VERSIONING_SYSTEM = "apple-generic";
				VERSION_INFO_PREFIX = "";
			};
			name = "Debug (Development)";
		};
		B7910DFF26B10FBB0097C94E /* Debug (Development) */ = {
			isa = XCBuildConfiguration;
			baseConfigurationReference = 8E9320E7FAAD2479F0EDB81D /* Pods-Profile.debug (development).xcconfig */;
			buildSettings = {
				CLANG_ENABLE_MODULES = YES;
				CODE_SIGN_STYLE = Automatic;
				DEFINES_MODULE = YES;
				DYLIB_COMPATIBILITY_VERSION = 1;
				DYLIB_CURRENT_VERSION = 1;
				DYLIB_INSTALL_NAME_BASE = "@rpath";
				INFOPLIST_FILE = Profile/Info.plist;
				INSTALL_PATH = "$(LOCAL_LIBRARY_DIR)/Frameworks";
				LD_RUNPATH_SEARCH_PATHS = (
					"$(inherited)",
					"@executable_path/Frameworks",
					"@loader_path/Frameworks",
				);
				PRODUCT_BUNDLE_IDENTIFIER = com.castcle.Profile;
				PRODUCT_NAME = "$(TARGET_NAME:c99extidentifier)";
				SKIP_INSTALL = YES;
				SWIFT_OPTIMIZATION_LEVEL = "-Onone";
				SWIFT_VERSION = 5.0;
				TARGETED_DEVICE_FAMILY = "1,2";
			};
			name = "Debug (Development)";
		};
		B7910E0026B10FBE0097C94E /* Release (Staging) */ = {
			isa = XCBuildConfiguration;
			buildSettings = {
				ALWAYS_SEARCH_USER_PATHS = NO;
				CLANG_ANALYZER_LOCALIZABILITY_NONLOCALIZED = YES;
				CLANG_ANALYZER_NONNULL = YES;
				CLANG_ANALYZER_NUMBER_OBJECT_CONVERSION = YES_AGGRESSIVE;
				CLANG_CXX_LANGUAGE_STANDARD = "gnu++14";
				CLANG_CXX_LIBRARY = "libc++";
				CLANG_ENABLE_MODULES = YES;
				CLANG_ENABLE_OBJC_ARC = YES;
				CLANG_ENABLE_OBJC_WEAK = YES;
				CLANG_WARN_BLOCK_CAPTURE_AUTORELEASING = YES;
				CLANG_WARN_BOOL_CONVERSION = YES;
				CLANG_WARN_COMMA = YES;
				CLANG_WARN_CONSTANT_CONVERSION = YES;
				CLANG_WARN_DEPRECATED_OBJC_IMPLEMENTATIONS = YES;
				CLANG_WARN_DIRECT_OBJC_ISA_USAGE = YES_ERROR;
				CLANG_WARN_DOCUMENTATION_COMMENTS = YES;
				CLANG_WARN_EMPTY_BODY = YES;
				CLANG_WARN_ENUM_CONVERSION = YES;
				CLANG_WARN_INFINITE_RECURSION = YES;
				CLANG_WARN_INT_CONVERSION = YES;
				CLANG_WARN_NON_LITERAL_NULL_CONVERSION = YES;
				CLANG_WARN_OBJC_IMPLICIT_RETAIN_SELF = YES;
				CLANG_WARN_OBJC_LITERAL_CONVERSION = YES;
				CLANG_WARN_OBJC_ROOT_CLASS = YES_ERROR;
				CLANG_WARN_QUOTED_INCLUDE_IN_FRAMEWORK_HEADER = YES;
				CLANG_WARN_RANGE_LOOP_ANALYSIS = YES;
				CLANG_WARN_STRICT_PROTOTYPES = YES;
				CLANG_WARN_SUSPICIOUS_MOVE = YES;
				CLANG_WARN_UNGUARDED_AVAILABILITY = YES_AGGRESSIVE;
				CLANG_WARN_UNREACHABLE_CODE = YES;
				CLANG_WARN__DUPLICATE_METHOD_MATCH = YES;
				COPY_PHASE_STRIP = NO;
				CURRENT_PROJECT_VERSION = 1;
				DEBUG_INFORMATION_FORMAT = "dwarf-with-dsym";
				ENABLE_BITCODE = NO;
				ENABLE_NS_ASSERTIONS = NO;
				ENABLE_STRICT_OBJC_MSGSEND = YES;
				GCC_C_LANGUAGE_STANDARD = gnu11;
				GCC_NO_COMMON_BLOCKS = YES;
				GCC_WARN_64_TO_32_BIT_CONVERSION = YES;
				GCC_WARN_ABOUT_RETURN_TYPE = YES_ERROR;
				GCC_WARN_UNDECLARED_SELECTOR = YES;
				GCC_WARN_UNINITIALIZED_AUTOS = YES_AGGRESSIVE;
				GCC_WARN_UNUSED_FUNCTION = YES;
				GCC_WARN_UNUSED_VARIABLE = YES;
				IPHONEOS_DEPLOYMENT_TARGET = 13.0;
				MTL_ENABLE_DEBUG_INFO = NO;
				MTL_FAST_MATH = YES;
				SDKROOT = iphoneos;
				SWIFT_COMPILATION_MODE = wholemodule;
				SWIFT_OPTIMIZATION_LEVEL = "-O";
				VALIDATE_PRODUCT = YES;
				VERSIONING_SYSTEM = "apple-generic";
				VERSION_INFO_PREFIX = "";
			};
			name = "Release (Staging)";
		};
		B7910E0126B10FBE0097C94E /* Release (Staging) */ = {
			isa = XCBuildConfiguration;
			baseConfigurationReference = 0E6A4E2DA213E1E6CA2E6BE3 /* Pods-Profile.release (staging).xcconfig */;
			buildSettings = {
				CLANG_ENABLE_MODULES = YES;
				CODE_SIGN_STYLE = Automatic;
				DEFINES_MODULE = YES;
				DYLIB_COMPATIBILITY_VERSION = 1;
				DYLIB_CURRENT_VERSION = 1;
				DYLIB_INSTALL_NAME_BASE = "@rpath";
				INFOPLIST_FILE = Profile/Info.plist;
				INSTALL_PATH = "$(LOCAL_LIBRARY_DIR)/Frameworks";
				LD_RUNPATH_SEARCH_PATHS = (
					"$(inherited)",
					"@executable_path/Frameworks",
					"@loader_path/Frameworks",
				);
				PRODUCT_BUNDLE_IDENTIFIER = com.castcle.Profile;
				PRODUCT_NAME = "$(TARGET_NAME:c99extidentifier)";
				SKIP_INSTALL = YES;
				SWIFT_VERSION = 5.0;
				TARGETED_DEVICE_FAMILY = "1,2";
			};
			name = "Release (Staging)";
		};
		B7910E0226B10FC10097C94E /* Release (Development) */ = {
			isa = XCBuildConfiguration;
			buildSettings = {
				ALWAYS_SEARCH_USER_PATHS = NO;
				CLANG_ANALYZER_LOCALIZABILITY_NONLOCALIZED = YES;
				CLANG_ANALYZER_NONNULL = YES;
				CLANG_ANALYZER_NUMBER_OBJECT_CONVERSION = YES_AGGRESSIVE;
				CLANG_CXX_LANGUAGE_STANDARD = "gnu++14";
				CLANG_CXX_LIBRARY = "libc++";
				CLANG_ENABLE_MODULES = YES;
				CLANG_ENABLE_OBJC_ARC = YES;
				CLANG_ENABLE_OBJC_WEAK = YES;
				CLANG_WARN_BLOCK_CAPTURE_AUTORELEASING = YES;
				CLANG_WARN_BOOL_CONVERSION = YES;
				CLANG_WARN_COMMA = YES;
				CLANG_WARN_CONSTANT_CONVERSION = YES;
				CLANG_WARN_DEPRECATED_OBJC_IMPLEMENTATIONS = YES;
				CLANG_WARN_DIRECT_OBJC_ISA_USAGE = YES_ERROR;
				CLANG_WARN_DOCUMENTATION_COMMENTS = YES;
				CLANG_WARN_EMPTY_BODY = YES;
				CLANG_WARN_ENUM_CONVERSION = YES;
				CLANG_WARN_INFINITE_RECURSION = YES;
				CLANG_WARN_INT_CONVERSION = YES;
				CLANG_WARN_NON_LITERAL_NULL_CONVERSION = YES;
				CLANG_WARN_OBJC_IMPLICIT_RETAIN_SELF = YES;
				CLANG_WARN_OBJC_LITERAL_CONVERSION = YES;
				CLANG_WARN_OBJC_ROOT_CLASS = YES_ERROR;
				CLANG_WARN_QUOTED_INCLUDE_IN_FRAMEWORK_HEADER = YES;
				CLANG_WARN_RANGE_LOOP_ANALYSIS = YES;
				CLANG_WARN_STRICT_PROTOTYPES = YES;
				CLANG_WARN_SUSPICIOUS_MOVE = YES;
				CLANG_WARN_UNGUARDED_AVAILABILITY = YES_AGGRESSIVE;
				CLANG_WARN_UNREACHABLE_CODE = YES;
				CLANG_WARN__DUPLICATE_METHOD_MATCH = YES;
				COPY_PHASE_STRIP = NO;
				CURRENT_PROJECT_VERSION = 1;
				DEBUG_INFORMATION_FORMAT = "dwarf-with-dsym";
				ENABLE_BITCODE = NO;
				ENABLE_NS_ASSERTIONS = NO;
				ENABLE_STRICT_OBJC_MSGSEND = YES;
				ENABLE_TESTABILITY = YES;
				GCC_C_LANGUAGE_STANDARD = gnu11;
				GCC_NO_COMMON_BLOCKS = YES;
				GCC_WARN_64_TO_32_BIT_CONVERSION = YES;
				GCC_WARN_ABOUT_RETURN_TYPE = YES_ERROR;
				GCC_WARN_UNDECLARED_SELECTOR = YES;
				GCC_WARN_UNINITIALIZED_AUTOS = YES_AGGRESSIVE;
				GCC_WARN_UNUSED_FUNCTION = YES;
				GCC_WARN_UNUSED_VARIABLE = YES;
				IPHONEOS_DEPLOYMENT_TARGET = 13.0;
				MTL_ENABLE_DEBUG_INFO = NO;
				MTL_FAST_MATH = YES;
				ONLY_ACTIVE_ARCH = YES;
				SDKROOT = iphoneos;
				SWIFT_COMPILATION_MODE = wholemodule;
				SWIFT_OPTIMIZATION_LEVEL = "-O";
				VALIDATE_PRODUCT = YES;
				VERSIONING_SYSTEM = "apple-generic";
				VERSION_INFO_PREFIX = "";
			};
			name = "Release (Development)";
		};
		B7910E0326B10FC10097C94E /* Release (Development) */ = {
			isa = XCBuildConfiguration;
			baseConfigurationReference = 2942B8B91A54D01B4FA05671 /* Pods-Profile.release (development).xcconfig */;
			buildSettings = {
				CLANG_ENABLE_MODULES = YES;
				CODE_SIGN_STYLE = Automatic;
				DEFINES_MODULE = YES;
				DYLIB_COMPATIBILITY_VERSION = 1;
				DYLIB_CURRENT_VERSION = 1;
				DYLIB_INSTALL_NAME_BASE = "@rpath";
				INFOPLIST_FILE = Profile/Info.plist;
				INSTALL_PATH = "$(LOCAL_LIBRARY_DIR)/Frameworks";
				LD_RUNPATH_SEARCH_PATHS = (
					"$(inherited)",
					"@executable_path/Frameworks",
					"@loader_path/Frameworks",
				);
				PRODUCT_BUNDLE_IDENTIFIER = com.castcle.Profile;
				PRODUCT_NAME = "$(TARGET_NAME:c99extidentifier)";
				SKIP_INSTALL = YES;
				SWIFT_VERSION = 5.0;
				TARGETED_DEVICE_FAMILY = "1,2";
			};
			name = "Release (Development)";
		};
/* End XCBuildConfiguration section */

/* Begin XCConfigurationList section */
		B7910DD126AFC60E0097C94E /* Build configuration list for PBXProject "Profile" */ = {
			isa = XCConfigurationList;
			buildConfigurations = (
				B7910DDD26AFC60E0097C94E /* Debug (Production) */,
				B7910DFC26B10FB70097C94E /* Debug (Staging) */,
				B7910DFE26B10FBB0097C94E /* Debug (Development) */,
				B7910DDE26AFC60E0097C94E /* Release (Production) */,
				B7910E0026B10FBE0097C94E /* Release (Staging) */,
				B7910E0226B10FC10097C94E /* Release (Development) */,
			);
			defaultConfigurationIsVisible = 0;
			defaultConfigurationName = "Release (Production)";
		};
		B7910DDF26AFC60E0097C94E /* Build configuration list for PBXNativeTarget "Profile" */ = {
			isa = XCConfigurationList;
			buildConfigurations = (
				B7910DE026AFC60E0097C94E /* Debug (Production) */,
				B7910DFD26B10FB70097C94E /* Debug (Staging) */,
				B7910DFF26B10FBB0097C94E /* Debug (Development) */,
				B7910DE126AFC60E0097C94E /* Release (Production) */,
				B7910E0126B10FBE0097C94E /* Release (Staging) */,
				B7910E0326B10FC10097C94E /* Release (Development) */,
			);
			defaultConfigurationIsVisible = 0;
			defaultConfigurationName = "Release (Production)";
		};
/* End XCConfigurationList section */
	};
	rootObject = B7910DCE26AFC60E0097C94E /* Project object */;
}
